PODS:
  - Kingfisher (7.3.2)
  - NMapsMap (3.15.0)
  - Realm (10.28.6):
    - Realm/Headers (= 10.28.6)
  - Realm/Headers (10.28.6)
  - RealmSwift (10.28.6):
    - Realm (= 10.28.6)
  - SnapKit (5.0.1)

DEPENDENCIES:
  - Kingfisher (~> 7.0)
  - NMapsMap (= 3.15.0)
  - RealmSwift (~> 10)
  - SnapKit (~> 5.0.0)

SPEC REPOS:
  trunk:
    - Kingfisher
    - NMapsMap
    - Realm
    - RealmSwift
    - SnapKit

SPEC CHECKSUMS:
  Kingfisher: 0086ad83719761ba9b2cdaf6ef4d5b4878cbae23
  NMapsMap: f151761c088d6516064c59da03ab6503769486e6
  Realm: 9b12f16a14446d7d46a9e36225d0a0332a6ec739
  RealmSwift: 5927726fce21005f43b1fb57c832297a22031bfc
  SnapKit: 97b92857e3df3a0c71833cce143274bf6ef8e5eb

PODFILE CHECKSUM: ec8b7ecb8188bf1aae4e2fc36dceb29d7f2606cb

COCOAPODS: 1.11.3
