// !$*UTF8*$!
{
	archiveVersion = 1;
	classes = {
	};
	objectVersion = 55;
	objects = {

/* Begin PBXBuildFile section */
		3BFB183B28BA0F09008D58F0 /* AppDelegate.swift in Sources */ = {isa = PBXBuildFile; fileRef = 3BFB183A28BA0F09008D58F0 /* AppDelegate.swift */; };
		3BFB183D28BA0F09008D58F0 /* SceneDelegate.swift in Sources */ = {isa = PBXBuildFile; fileRef = 3BFB183C28BA0F09008D58F0 /* SceneDelegate.swift */; };
		3BFB183F28BA0F09008D58F0 /* ViewController.swift in Sources */ = {isa = PBXBuildFile; fileRef = 3BFB183E28BA0F09008D58F0 /* ViewController.swift */; };
		3BFB184228BA0F09008D58F0 /* Main.storyboard in Resources */ = {isa = PBXBuildFile; fileRef = 3BFB184028BA0F09008D58F0 /* Main.storyboard */; };
		3BFB184728BA0F0A008D58F0 /* LaunchScreen.storyboard in Resources */ = {isa = PBXBuildFile; fileRef = 3BFB184528BA0F0A008D58F0 /* LaunchScreen.storyboard */; };
		3BFB186C28BA0F80008D58F0 /* Colors.xcassets in Resources */ = {isa = PBXBuildFile; fileRef = 3BFB185128BA0F80008D58F0 /* Colors.xcassets */; };
		3BFB186D28BA0F80008D58F0 /* Assets.xcassets in Resources */ = {isa = PBXBuildFile; fileRef = 3BFB185228BA0F80008D58F0 /* Assets.xcassets */; };
		3BFB186F28BA0F80008D58F0 /* StringLiterals.swift in Sources */ = {isa = PBXBuildFile; fileRef = 3BFB185828BA0F80008D58F0 /* StringLiterals.swift */; };
		3BFB187028BA0F80008D58F0 /* ImageLiterals.swift in Sources */ = {isa = PBXBuildFile; fileRef = 3BFB185928BA0F80008D58F0 /* ImageLiterals.swift */; };
		3BFB187D28BA0F80008D58F0 /* UICollectionViewRegisterable.swift in Sources */ = {isa = PBXBuildFile; fileRef = 3BFB186A28BA0F80008D58F0 /* UICollectionViewRegisterable.swift */; };
		3BFB187E28BA0F80008D58F0 /* UITableViewRegisterable.swift in Sources */ = {isa = PBXBuildFile; fileRef = 3BFB186B28BA0F80008D58F0 /* UITableViewRegisterable.swift */; };
		3BFB188A28BA0FC2008D58F0 /* showToast.swift in Sources */ = {isa = PBXBuildFile; fileRef = 3BFB188128BA0FC2008D58F0 /* showToast.swift */; };
		3BFB188C28BA0FC2008D58F0 /* applyShadow.swift in Sources */ = {isa = PBXBuildFile; fileRef = 3BFB188328BA0FC2008D58F0 /* applyShadow.swift */; };
		3BFB188D28BA0FC2008D58F0 /* setRootViewController.swift in Sources */ = {isa = PBXBuildFile; fileRef = 3BFB188428BA0FC2008D58F0 /* setRootViewController.swift */; };
		3BFB188E28BA0FC2008D58F0 /* getClassName.swift in Sources */ = {isa = PBXBuildFile; fileRef = 3BFB188528BA0FC2008D58F0 /* getClassName.swift */; };
		3BFB188F28BA0FC2008D58F0 /* setImage.swift in Sources */ = {isa = PBXBuildFile; fileRef = 3BFB188628BA0FC2008D58F0 /* setImage.swift */; };
		3BFB189028BA0FC2008D58F0 /* setDefaultFont.swift in Sources */ = {isa = PBXBuildFile; fileRef = 3BFB188728BA0FC2008D58F0 /* setDefaultFont.swift */; };
		3BFB189128BA0FC2008D58F0 /* makeVibrate.swift in Sources */ = {isa = PBXBuildFile; fileRef = 3BFB188828BA0FC2008D58F0 /* makeVibrate.swift */; };
		B1D961B4B41800ECBDCCD436 /* Pods_SMSH_Summer.framework in Frameworks */ = {isa = PBXBuildFile; fileRef = 802077A4D47A5295C555D216 /* Pods_SMSH_Summer.framework */; };
/* End PBXBuildFile section */

/* Begin PBXFileReference section */
		3BFB183728BA0F09008D58F0 /* SMSH-Summer.app */ = {isa = PBXFileReference; explicitFileType = wrapper.application; includeInIndex = 0; path = "SMSH-Summer.app"; sourceTree = BUILT_PRODUCTS_DIR; };
		3BFB183A28BA0F09008D58F0 /* AppDelegate.swift */ = {isa = PBXFileReference; lastKnownFileType = sourcecode.swift; path = AppDelegate.swift; sourceTree = "<group>"; };
		3BFB183C28BA0F09008D58F0 /* SceneDelegate.swift */ = {isa = PBXFileReference; lastKnownFileType = sourcecode.swift; path = SceneDelegate.swift; sourceTree = "<group>"; };
		3BFB183E28BA0F09008D58F0 /* ViewController.swift */ = {isa = PBXFileReference; lastKnownFileType = sourcecode.swift; path = ViewController.swift; sourceTree = "<group>"; };
		3BFB184128BA0F09008D58F0 /* Base */ = {isa = PBXFileReference; lastKnownFileType = file.storyboard; name = Base; path = Base.lproj/Main.storyboard; sourceTree = "<group>"; };
		3BFB184628BA0F0A008D58F0 /* Base */ = {isa = PBXFileReference; lastKnownFileType = file.storyboard; name = Base; path = Base.lproj/LaunchScreen.storyboard; sourceTree = "<group>"; };
		3BFB184828BA0F0A008D58F0 /* Info.plist */ = {isa = PBXFileReference; lastKnownFileType = text.plist.xml; path = Info.plist; sourceTree = "<group>"; };
		3BFB185128BA0F80008D58F0 /* Colors.xcassets */ = {isa = PBXFileReference; lastKnownFileType = folder.assetcatalog; path = Colors.xcassets; sourceTree = "<group>"; };
		3BFB185228BA0F80008D58F0 /* Assets.xcassets */ = {isa = PBXFileReference; lastKnownFileType = folder.assetcatalog; path = Assets.xcassets; sourceTree = "<group>"; };
		3BFB185828BA0F80008D58F0 /* StringLiterals.swift */ = {isa = PBXFileReference; fileEncoding = 4; lastKnownFileType = sourcecode.swift; path = StringLiterals.swift; sourceTree = "<group>"; };
		3BFB185928BA0F80008D58F0 /* ImageLiterals.swift */ = {isa = PBXFileReference; fileEncoding = 4; lastKnownFileType = sourcecode.swift; path = ImageLiterals.swift; sourceTree = "<group>"; };
		3BFB186A28BA0F80008D58F0 /* UICollectionViewRegisterable.swift */ = {isa = PBXFileReference; fileEncoding = 4; lastKnownFileType = sourcecode.swift; path = UICollectionViewRegisterable.swift; sourceTree = "<group>"; };
		3BFB186B28BA0F80008D58F0 /* UITableViewRegisterable.swift */ = {isa = PBXFileReference; fileEncoding = 4; lastKnownFileType = sourcecode.swift; path = UITableViewRegisterable.swift; sourceTree = "<group>"; };
		3BFB188128BA0FC2008D58F0 /* showToast.swift */ = {isa = PBXFileReference; fileEncoding = 4; lastKnownFileType = sourcecode.swift; path = showToast.swift; sourceTree = "<group>"; };
		3BFB188328BA0FC2008D58F0 /* applyShadow.swift */ = {isa = PBXFileReference; fileEncoding = 4; lastKnownFileType = sourcecode.swift; path = applyShadow.swift; sourceTree = "<group>"; };
		3BFB188428BA0FC2008D58F0 /* setRootViewController.swift */ = {isa = PBXFileReference; fileEncoding = 4; lastKnownFileType = sourcecode.swift; path = setRootViewController.swift; sourceTree = "<group>"; };
		3BFB188528BA0FC2008D58F0 /* getClassName.swift */ = {isa = PBXFileReference; fileEncoding = 4; lastKnownFileType = sourcecode.swift; path = getClassName.swift; sourceTree = "<group>"; };
		3BFB188628BA0FC2008D58F0 /* setImage.swift */ = {isa = PBXFileReference; fileEncoding = 4; lastKnownFileType = sourcecode.swift; path = setImage.swift; sourceTree = "<group>"; };
		3BFB188728BA0FC2008D58F0 /* setDefaultFont.swift */ = {isa = PBXFileReference; fileEncoding = 4; lastKnownFileType = sourcecode.swift; path = setDefaultFont.swift; sourceTree = "<group>"; };
		3BFB188828BA0FC2008D58F0 /* makeVibrate.swift */ = {isa = PBXFileReference; fileEncoding = 4; lastKnownFileType = sourcecode.swift; path = makeVibrate.swift; sourceTree = "<group>"; };
		4F39F37E61C8BF30F1BA36FB /* Pods-SMSH-Summer.debug.xcconfig */ = {isa = PBXFileReference; includeInIndex = 1; lastKnownFileType = text.xcconfig; name = "Pods-SMSH-Summer.debug.xcconfig"; path = "Target Support Files/Pods-SMSH-Summer/Pods-SMSH-Summer.debug.xcconfig"; sourceTree = "<group>"; };
		802077A4D47A5295C555D216 /* Pods_SMSH_Summer.framework */ = {isa = PBXFileReference; explicitFileType = wrapper.framework; includeInIndex = 0; path = Pods_SMSH_Summer.framework; sourceTree = BUILT_PRODUCTS_DIR; };
		89CBE393D29ACB4A5B940C68 /* Pods-SMSH-Summer.release.xcconfig */ = {isa = PBXFileReference; includeInIndex = 1; lastKnownFileType = text.xcconfig; name = "Pods-SMSH-Summer.release.xcconfig"; path = "Target Support Files/Pods-SMSH-Summer/Pods-SMSH-Summer.release.xcconfig"; sourceTree = "<group>"; };
/* End PBXFileReference section */

/* Begin PBXFrameworksBuildPhase section */
		3BFB183428BA0F09008D58F0 /* Frameworks */ = {
			isa = PBXFrameworksBuildPhase;
			buildActionMask = 2147483647;
			files = (
				B1D961B4B41800ECBDCCD436 /* Pods_SMSH_Summer.framework in Frameworks */,
			);
			runOnlyForDeploymentPostprocessing = 0;
		};
/* End PBXFrameworksBuildPhase section */

/* Begin PBXGroup section */
		03539969409DD99BFC389B89 /* Pods */ = {
			isa = PBXGroup;
			children = (
				4F39F37E61C8BF30F1BA36FB /* Pods-SMSH-Summer.debug.xcconfig */,
				89CBE393D29ACB4A5B940C68 /* Pods-SMSH-Summer.release.xcconfig */,
			);
			path = Pods;
			sourceTree = "<group>";
		};
		3BFB182E28BA0F09008D58F0 = {
			isa = PBXGroup;
			children = (
				3BFB183928BA0F09008D58F0 /* SMSH-Summer */,
				3BFB183828BA0F09008D58F0 /* Products */,
				03539969409DD99BFC389B89 /* Pods */,
				B122CA4EB40B1ED992937D7D /* Frameworks */,
			);
			sourceTree = "<group>";
		};
		3BFB183828BA0F09008D58F0 /* Products */ = {
			isa = PBXGroup;
			children = (
				3BFB183728BA0F09008D58F0 /* SMSH-Summer.app */,
			);
			name = Products;
			sourceTree = "<group>";
		};
		3BFB183928BA0F09008D58F0 /* SMSH-Summer */ = {
			isa = PBXGroup;
			children = (
				3BFB184E28BA0F53008D58F0 /* Application */,
				3BFB184F28BA0F80008D58F0 /* Global */,
				3BFB187F28BA0F9A008D58F0 /* Presentation */,
				3BFB184528BA0F0A008D58F0 /* LaunchScreen.storyboard */,
				3BFB184828BA0F0A008D58F0 /* Info.plist */,
				3BFB188028BA0FC2008D58F0 /* Utils */,
			);
			path = "SMSH-Summer";
			sourceTree = "<group>";
		};
		3BFB184E28BA0F53008D58F0 /* Application */ = {
			isa = PBXGroup;
			children = (
				3BFB183A28BA0F09008D58F0 /* AppDelegate.swift */,
				3BFB183C28BA0F09008D58F0 /* SceneDelegate.swift */,
			);
			path = Application;
			sourceTree = "<group>";
		};
		3BFB184F28BA0F80008D58F0 /* Global */ = {
			isa = PBXGroup;
			children = (
				3BFB185028BA0F80008D58F0 /* Resources */,
				3BFB185428BA0F80008D58F0 /* Supporting Files */,
				3BFB185728BA0F80008D58F0 /* Literals */,
				3BFB186928BA0F80008D58F0 /* Protocols */,
			);
			path = Global;
			sourceTree = "<group>";
		};
		3BFB185028BA0F80008D58F0 /* Resources */ = {
			isa = PBXGroup;
			children = (
				3BFB185128BA0F80008D58F0 /* Colors.xcassets */,
				3BFB185228BA0F80008D58F0 /* Assets.xcassets */,
				3BFB185328BA0F80008D58F0 /* Fonts */,
			);
			path = Resources;
			sourceTree = "<group>";
		};
		3BFB185328BA0F80008D58F0 /* Fonts */ = {
			isa = PBXGroup;
			children = (
			);
			path = Fonts;
			sourceTree = "<group>";
		};
		3BFB185428BA0F80008D58F0 /* Supporting Files */ = {
			isa = PBXGroup;
			children = (
			);
			path = "Supporting Files";
			sourceTree = "<group>";
		};
		3BFB185728BA0F80008D58F0 /* Literals */ = {
			isa = PBXGroup;
			children = (
				3BFB185828BA0F80008D58F0 /* StringLiterals.swift */,
				3BFB185928BA0F80008D58F0 /* ImageLiterals.swift */,
			);
			path = Literals;
			sourceTree = "<group>";
		};
		3BFB186928BA0F80008D58F0 /* Protocols */ = {
			isa = PBXGroup;
			children = (
				3BFB186A28BA0F80008D58F0 /* UICollectionViewRegisterable.swift */,
				3BFB186B28BA0F80008D58F0 /* UITableViewRegisterable.swift */,
			);
			path = Protocols;
			sourceTree = "<group>";
		};
		3BFB187F28BA0F9A008D58F0 /* Presentation */ = {
			isa = PBXGroup;
			children = (
				3BFB189628BA0FF7008D58F0 /* Main */,
			);
			path = Presentation;
			sourceTree = "<group>";
		};
		3BFB188028BA0FC2008D58F0 /* Utils */ = {
			isa = PBXGroup;
			children = (
				3BFB188128BA0FC2008D58F0 /* showToast.swift */,
				3BFB188328BA0FC2008D58F0 /* applyShadow.swift */,
				3BFB188428BA0FC2008D58F0 /* setRootViewController.swift */,
				3BFB188528BA0FC2008D58F0 /* getClassName.swift */,
				3BFB188628BA0FC2008D58F0 /* setImage.swift */,
				3BFB188728BA0FC2008D58F0 /* setDefaultFont.swift */,
				3BFB188828BA0FC2008D58F0 /* makeVibrate.swift */,
			);
			path = Utils;
			sourceTree = "<group>";
		};
		3BFB189328BA0FDD008D58F0 /* Views */ = {
			isa = PBXGroup;
			children = (
				3BFB184028BA0F09008D58F0 /* Main.storyboard */,
			);
			path = Views;
			sourceTree = "<group>";
		};
		3BFB189428BA0FE2008D58F0 /* VC */ = {
			isa = PBXGroup;
			children = (
				3BFB183E28BA0F09008D58F0 /* ViewController.swift */,
			);
			path = VC;
			sourceTree = "<group>";
		};
		3BFB189528BA0FE6008D58F0 /* ViewModel */ = {
			isa = PBXGroup;
			children = (
			);
			path = ViewModel;
			sourceTree = "<group>";
		};
		3BFB189628BA0FF7008D58F0 /* Main */ = {
			isa = PBXGroup;
			children = (
				3BFB189328BA0FDD008D58F0 /* Views */,
				3BFB189428BA0FE2008D58F0 /* VC */,
				3BFB189528BA0FE6008D58F0 /* ViewModel */,
			);
			path = Main;
			sourceTree = "<group>";
		};
		B122CA4EB40B1ED992937D7D /* Frameworks */ = {
			isa = PBXGroup;
			children = (
				802077A4D47A5295C555D216 /* Pods_SMSH_Summer.framework */,
			);
			name = Frameworks;
			sourceTree = "<group>";
		};
/* End PBXGroup section */

/* Begin PBXNativeTarget section */
		3BFB183628BA0F09008D58F0 /* SMSH-Summer */ = {
			isa = PBXNativeTarget;
			buildConfigurationList = 3BFB184B28BA0F0A008D58F0 /* Build configuration list for PBXNativeTarget "SMSH-Summer" */;
			buildPhases = (
				E37AF8B3B6484B03B0754747 /* [CP] Check Pods Manifest.lock */,
				3BFB183328BA0F09008D58F0 /* Sources */,
				3BFB183428BA0F09008D58F0 /* Frameworks */,
				3BFB183528BA0F09008D58F0 /* Resources */,
				D4B2624C87B6740980ED9F28 /* [CP] Embed Pods Frameworks */,
			);
			buildRules = (
			);
			dependencies = (
			);
			name = "SMSH-Summer";
			productName = "SMSH-Summer";
			productReference = 3BFB183728BA0F09008D58F0 /* SMSH-Summer.app */;
			productType = "com.apple.product-type.application";
		};
/* End PBXNativeTarget section */

/* Begin PBXProject section */
		3BFB182F28BA0F09008D58F0 /* Project object */ = {
			isa = PBXProject;
			attributes = {
				BuildIndependentTargetsInParallel = 1;
				LastSwiftUpdateCheck = 1340;
				LastUpgradeCheck = 1340;
				TargetAttributes = {
					3BFB183628BA0F09008D58F0 = {
						CreatedOnToolsVersion = 13.4.1;
					};
				};
			};
			buildConfigurationList = 3BFB183228BA0F09008D58F0 /* Build configuration list for PBXProject "SMSH-Summer" */;
			compatibilityVersion = "Xcode 13.0";
			developmentRegion = en;
			hasScannedForEncodings = 0;
			knownRegions = (
				en,
				Base,
			);
			mainGroup = 3BFB182E28BA0F09008D58F0;
			productRefGroup = 3BFB183828BA0F09008D58F0 /* Products */;
			projectDirPath = "";
			projectRoot = "";
			targets = (
				3BFB183628BA0F09008D58F0 /* SMSH-Summer */,
			);
		};
/* End PBXProject section */

/* Begin PBXResourcesBuildPhase section */
		3BFB183528BA0F09008D58F0 /* Resources */ = {
			isa = PBXResourcesBuildPhase;
			buildActionMask = 2147483647;
			files = (
				3BFB184728BA0F0A008D58F0 /* LaunchScreen.storyboard in Resources */,
				3BFB186C28BA0F80008D58F0 /* Colors.xcassets in Resources */,
				3BFB184228BA0F09008D58F0 /* Main.storyboard in Resources */,
				3BFB186D28BA0F80008D58F0 /* Assets.xcassets in Resources */,
			);
			runOnlyForDeploymentPostprocessing = 0;
		};
/* End PBXResourcesBuildPhase section */

/* Begin PBXShellScriptBuildPhase section */
		D4B2624C87B6740980ED9F28 /* [CP] Embed Pods Frameworks */ = {
			isa = PBXShellScriptBuildPhase;
			buildActionMask = 2147483647;
			files = (
			);
			inputFileListPaths = (
				"${PODS_ROOT}/Target Support Files/Pods-SMSH-Summer/Pods-SMSH-Summer-frameworks-${CONFIGURATION}-input-files.xcfilelist",
			);
			name = "[CP] Embed Pods Frameworks";
			outputFileListPaths = (
				"${PODS_ROOT}/Target Support Files/Pods-SMSH-Summer/Pods-SMSH-Summer-frameworks-${CONFIGURATION}-output-files.xcfilelist",
			);
			runOnlyForDeploymentPostprocessing = 0;
			shellPath = /bin/sh;
			shellScript = "\"${PODS_ROOT}/Target Support Files/Pods-SMSH-Summer/Pods-SMSH-Summer-frameworks.sh\"\n";
			showEnvVarsInLog = 0;
		};
		E37AF8B3B6484B03B0754747 /* [CP] Check Pods Manifest.lock */ = {
			isa = PBXShellScriptBuildPhase;
			buildActionMask = 2147483647;
			files = (
			);
			inputFileListPaths = (
			);
			inputPaths = (
				"${PODS_PODFILE_DIR_PATH}/Podfile.lock",
				"${PODS_ROOT}/Manifest.lock",
			);
			name = "[CP] Check Pods Manifest.lock";
			outputFileListPaths = (
			);
			outputPaths = (
				"$(DERIVED_FILE_DIR)/Pods-SMSH-Summer-checkManifestLockResult.txt",
			);
			runOnlyForDeploymentPostprocessing = 0;
			shellPath = /bin/sh;
			shellScript = "diff \"${PODS_PODFILE_DIR_PATH}/Podfile.lock\" \"${PODS_ROOT}/Manifest.lock\" > /dev/null\nif [ $? != 0 ] ; then\n    # print error to STDERR\n    echo \"error: The sandbox is not in sync with the Podfile.lock. Run 'pod install' or update your CocoaPods installation.\" >&2\n    exit 1\nfi\n# This output is used by Xcode 'outputs' to avoid re-running this script phase.\necho \"SUCCESS\" > \"${SCRIPT_OUTPUT_FILE_0}\"\n";
			showEnvVarsInLog = 0;
		};
/* End PBXShellScriptBuildPhase section */

/* Begin PBXSourcesBuildPhase section */
		3BFB183328BA0F09008D58F0 /* Sources */ = {
			isa = PBXSourcesBuildPhase;
			buildActionMask = 2147483647;
			files = (
				3BFB183F28BA0F09008D58F0 /* ViewController.swift in Sources */,
				3BFB187D28BA0F80008D58F0 /* UICollectionViewRegisterable.swift in Sources */,
				3BFB188E28BA0FC2008D58F0 /* getClassName.swift in Sources */,
				3BFB189028BA0FC2008D58F0 /* setDefaultFont.swift in Sources */,
				3BFB183B28BA0F09008D58F0 /* AppDelegate.swift in Sources */,
				3BFB188D28BA0FC2008D58F0 /* setRootViewController.swift in Sources */,
				3BFB188A28BA0FC2008D58F0 /* showToast.swift in Sources */,
				3BFB187028BA0F80008D58F0 /* ImageLiterals.swift in Sources */,
				3BFB186F28BA0F80008D58F0 /* StringLiterals.swift in Sources */,
				3BFB187E28BA0F80008D58F0 /* UITableViewRegisterable.swift in Sources */,
				3BFB188F28BA0FC2008D58F0 /* setImage.swift in Sources */,
				3BFB189128BA0FC2008D58F0 /* makeVibrate.swift in Sources */,
				3BFB183D28BA0F09008D58F0 /* SceneDelegate.swift in Sources */,
				3BFB188C28BA0FC2008D58F0 /* applyShadow.swift in Sources */,
			);
			runOnlyForDeploymentPostprocessing = 0;
		};
/* End PBXSourcesBuildPhase section */

/* Begin PBXVariantGroup section */
		3BFB184028BA0F09008D58F0 /* Main.storyboard */ = {
			isa = PBXVariantGroup;
			children = (
				3BFB184128BA0F09008D58F0 /* Base */,
			);
			name = Main.storyboard;
			sourceTree = "<group>";
		};
		3BFB184528BA0F0A008D58F0 /* LaunchScreen.storyboard */ = {
			isa = PBXVariantGroup;
			children = (
				3BFB184628BA0F0A008D58F0 /* Base */,
			);
			name = LaunchScreen.storyboard;
			sourceTree = "<group>";
		};
/* End PBXVariantGroup section */

/* Begin XCBuildConfiguration section */
		3BFB184928BA0F0A008D58F0 /* Debug */ = {
			isa = XCBuildConfiguration;
			buildSettings = {
				ALWAYS_SEARCH_USER_PATHS = NO;
				CLANG_ANALYZER_NONNULL = YES;
				CLANG_ANALYZER_NUMBER_OBJECT_CONVERSION = YES_AGGRESSIVE;
				CLANG_CXX_LANGUAGE_STANDARD = "gnu++17";
				CLANG_ENABLE_MODULES = YES;
				CLANG_ENABLE_OBJC_ARC = YES;
				CLANG_ENABLE_OBJC_WEAK = YES;
				CLANG_WARN_BLOCK_CAPTURE_AUTORELEASING = YES;
				CLANG_WARN_BOOL_CONVERSION = YES;
				CLANG_WARN_COMMA = YES;
				CLANG_WARN_CONSTANT_CONVERSION = YES;
				CLANG_WARN_DEPRECATED_OBJC_IMPLEMENTATIONS = YES;
				CLANG_WARN_DIRECT_OBJC_ISA_USAGE = YES_ERROR;
				CLANG_WARN_DOCUMENTATION_COMMENTS = YES;
				CLANG_WARN_EMPTY_BODY = YES;
				CLANG_WARN_ENUM_CONVERSION = YES;
				CLANG_WARN_INFINITE_RECURSION = YES;
				CLANG_WARN_INT_CONVERSION = YES;
				CLANG_WARN_NON_LITERAL_NULL_CONVERSION = YES;
				CLANG_WARN_OBJC_IMPLICIT_RETAIN_SELF = YES;
				CLANG_WARN_OBJC_LITERAL_CONVERSION = YES;
				CLANG_WARN_OBJC_ROOT_CLASS = YES_ERROR;
				CLANG_WARN_QUOTED_INCLUDE_IN_FRAMEWORK_HEADER = YES;
				CLANG_WARN_RANGE_LOOP_ANALYSIS = YES;
				CLANG_WARN_STRICT_PROTOTYPES = YES;
				CLANG_WARN_SUSPICIOUS_MOVE = YES;
				CLANG_WARN_UNGUARDED_AVAILABILITY = YES_AGGRESSIVE;
				CLANG_WARN_UNREACHABLE_CODE = YES;
				CLANG_WARN__DUPLICATE_METHOD_MATCH = YES;
				COPY_PHASE_STRIP = NO;
				DEBUG_INFORMATION_FORMAT = dwarf;
				ENABLE_STRICT_OBJC_MSGSEND = YES;
				ENABLE_TESTABILITY = YES;
				GCC_C_LANGUAGE_STANDARD = gnu11;
				GCC_DYNAMIC_NO_PIC = NO;
				GCC_NO_COMMON_BLOCKS = YES;
				GCC_OPTIMIZATION_LEVEL = 0;
				GCC_PREPROCESSOR_DEFINITIONS = (
					"DEBUG=1",
					"$(inherited)",
				);
				GCC_WARN_64_TO_32_BIT_CONVERSION = YES;
				GCC_WARN_ABOUT_RETURN_TYPE = YES_ERROR;
				GCC_WARN_UNDECLARED_SELECTOR = YES;
				GCC_WARN_UNINITIALIZED_AUTOS = YES_AGGRESSIVE;
				GCC_WARN_UNUSED_FUNCTION = YES;
				GCC_WARN_UNUSED_VARIABLE = YES;
				IPHONEOS_DEPLOYMENT_TARGET = 15.5;
				MTL_ENABLE_DEBUG_INFO = INCLUDE_SOURCE;
				MTL_FAST_MATH = YES;
				ONLY_ACTIVE_ARCH = YES;
				SDKROOT = iphoneos;
				SWIFT_ACTIVE_COMPILATION_CONDITIONS = DEBUG;
				SWIFT_OPTIMIZATION_LEVEL = "-Onone";
			};
			name = Debug;
		};
		3BFB184A28BA0F0A008D58F0 /* Release */ = {
			isa = XCBuildConfiguration;
			buildSettings = {
				ALWAYS_SEARCH_USER_PATHS = NO;
				CLANG_ANALYZER_NONNULL = YES;
				CLANG_ANALYZER_NUMBER_OBJECT_CONVERSION = YES_AGGRESSIVE;
				CLANG_CXX_LANGUAGE_STANDARD = "gnu++17";
				CLANG_ENABLE_MODULES = YES;
				CLANG_ENABLE_OBJC_ARC = YES;
				CLANG_ENABLE_OBJC_WEAK = YES;
				CLANG_WARN_BLOCK_CAPTURE_AUTORELEASING = YES;
				CLANG_WARN_BOOL_CONVERSION = YES;
				CLANG_WARN_COMMA = YES;
				CLANG_WARN_CONSTANT_CONVERSION = YES;
				CLANG_WARN_DEPRECATED_OBJC_IMPLEMENTATIONS = YES;
				CLANG_WARN_DIRECT_OBJC_ISA_USAGE = YES_ERROR;
				CLANG_WARN_DOCUMENTATION_COMMENTS = YES;
				CLANG_WARN_EMPTY_BODY = YES;
				CLANG_WARN_ENUM_CONVERSION = YES;
				CLANG_WARN_INFINITE_RECURSION = YES;
				CLANG_WARN_INT_CONVERSION = YES;
				CLANG_WARN_NON_LITERAL_NULL_CONVERSION = YES;
				CLANG_WARN_OBJC_IMPLICIT_RETAIN_SELF = YES;
				CLANG_WARN_OBJC_LITERAL_CONVERSION = YES;
				CLANG_WARN_OBJC_ROOT_CLASS = YES_ERROR;
				CLANG_WARN_QUOTED_INCLUDE_IN_FRAMEWORK_HEADER = YES;
				CLANG_WARN_RANGE_LOOP_ANALYSIS = YES;
				CLANG_WARN_STRICT_PROTOTYPES = YES;
				CLANG_WARN_SUSPICIOUS_MOVE = YES;
				CLANG_WARN_UNGUARDED_AVAILABILITY = YES_AGGRESSIVE;
				CLANG_WARN_UNREACHABLE_CODE = YES;
				CLANG_WARN__DUPLICATE_METHOD_MATCH = YES;
				COPY_PHASE_STRIP = NO;
				DEBUG_INFORMATION_FORMAT = "dwarf-with-dsym";
				ENABLE_NS_ASSERTIONS = NO;
				ENABLE_STRICT_OBJC_MSGSEND = YES;
				GCC_C_LANGUAGE_STANDARD = gnu11;
				GCC_NO_COMMON_BLOCKS = YES;
				GCC_WARN_64_TO_32_BIT_CONVERSION = YES;
				GCC_WARN_ABOUT_RETURN_TYPE = YES_ERROR;
				GCC_WARN_UNDECLARED_SELECTOR = YES;
				GCC_WARN_UNINITIALIZED_AUTOS = YES_AGGRESSIVE;
				GCC_WARN_UNUSED_FUNCTION = YES;
				GCC_WARN_UNUSED_VARIABLE = YES;
				IPHONEOS_DEPLOYMENT_TARGET = 15.5;
				MTL_ENABLE_DEBUG_INFO = NO;
				MTL_FAST_MATH = YES;
				SDKROOT = iphoneos;
				SWIFT_COMPILATION_MODE = wholemodule;
				SWIFT_OPTIMIZATION_LEVEL = "-O";
				VALIDATE_PRODUCT = YES;
			};
			name = Release;
		};
		3BFB184C28BA0F0A008D58F0 /* Debug */ = {
			isa = XCBuildConfiguration;
			baseConfigurationReference = 4F39F37E61C8BF30F1BA36FB /* Pods-SMSH-Summer.debug.xcconfig */;
			buildSettings = {
				ASSETCATALOG_COMPILER_APPICON_NAME = AppIcon;
				ASSETCATALOG_COMPILER_GLOBAL_ACCENT_COLOR_NAME = AccentColor;
				CODE_SIGN_STYLE = Automatic;
				CURRENT_PROJECT_VERSION = 1;
				DEVELOPMENT_TEAM = 665TA4D5B9;
				GENERATE_INFOPLIST_FILE = YES;
				INFOPLIST_FILE = "SMSH-Summer/Info.plist";
				INFOPLIST_KEY_UIApplicationSupportsIndirectInputEvents = YES;
				INFOPLIST_KEY_UILaunchStoryboardName = LaunchScreen;
				INFOPLIST_KEY_UIMainStoryboardFile = Main;
				INFOPLIST_KEY_UISupportedInterfaceOrientations_iPad = "UIInterfaceOrientationPortrait UIInterfaceOrientationPortraitUpsideDown UIInterfaceOrientationLandscapeLeft UIInterfaceOrientationLandscapeRight";
				INFOPLIST_KEY_UISupportedInterfaceOrientations_iPhone = "UIInterfaceOrientationPortrait UIInterfaceOrientationLandscapeLeft UIInterfaceOrientationLandscapeRight";
				LD_RUNPATH_SEARCH_PATHS = (
					"$(inherited)",
					"@executable_path/Frameworks",
				);
				MARKETING_VERSION = 1.0;
				PRODUCT_BUNDLE_IDENTIFIER = "here-y-seo.SMSH-Summer";
				PRODUCT_NAME = "$(TARGET_NAME)";
				SWIFT_EMIT_LOC_STRINGS = YES;
				SWIFT_VERSION = 5.0;
				TARGETED_DEVICE_FAMILY = "1,2";
			};
			name = Debug;
		};
		3BFB184D28BA0F0A008D58F0 /* Release */ = {
			isa = XCBuildConfiguration;
			baseConfigurationReference = 89CBE393D29ACB4A5B940C68 /* Pods-SMSH-Summer.release.xcconfig */;
			buildSettings = {
				ASSETCATALOG_COMPILER_APPICON_NAME = AppIcon;
				ASSETCATALOG_COMPILER_GLOBAL_ACCENT_COLOR_NAME = AccentColor;
				CODE_SIGN_STYLE = Automatic;
				CURRENT_PROJECT_VERSION = 1;
				DEVELOPMENT_TEAM = 665TA4D5B9;
				GENERATE_INFOPLIST_FILE = YES;
				INFOPLIST_FILE = "SMSH-Summer/Info.plist";
				INFOPLIST_KEY_UIApplicationSupportsIndirectInputEvents = YES;
				INFOPLIST_KEY_UILaunchStoryboardName = LaunchScreen;
				INFOPLIST_KEY_UIMainStoryboardFile = Main;
				INFOPLIST_KEY_UISupportedInterfaceOrientations_iPad = "UIInterfaceOrientationPortrait UIInterfaceOrientationPortraitUpsideDown UIInterfaceOrientationLandscapeLeft UIInterfaceOrientationLandscapeRight";
				INFOPLIST_KEY_UISupportedInterfaceOrientations_iPhone = "UIInterfaceOrientationPortrait UIInterfaceOrientationLandscapeLeft UIInterfaceOrientationLandscapeRight";
				LD_RUNPATH_SEARCH_PATHS = (
					"$(inherited)",
					"@executable_path/Frameworks",
				);
				MARKETING_VERSION = 1.0;
				PRODUCT_BUNDLE_IDENTIFIER = "here-y-seo.SMSH-Summer";
				PRODUCT_NAME = "$(TARGET_NAME)";
				SWIFT_EMIT_LOC_STRINGS = YES;
				SWIFT_VERSION = 5.0;
				TARGETED_DEVICE_FAMILY = "1,2";
			};
			name = Release;
		};
/* End XCBuildConfiguration section */

/* Begin XCConfigurationList section */
		3BFB183228BA0F09008D58F0 /* Build configuration list for PBXProject "SMSH-Summer" */ = {
			isa = XCConfigurationList;
			buildConfigurations = (
				3BFB184928BA0F0A008D58F0 /* Debug */,
				3BFB184A28BA0F0A008D58F0 /* Release */,
			);
			defaultConfigurationIsVisible = 0;
			defaultConfigurationName = Release;
		};
		3BFB184B28BA0F0A008D58F0 /* Build configuration list for PBXNativeTarget "SMSH-Summer" */ = {
			isa = XCConfigurationList;
			buildConfigurations = (
				3BFB184C28BA0F0A008D58F0 /* Debug */,
				3BFB184D28BA0F0A008D58F0 /* Release */,
			);
			defaultConfigurationIsVisible = 0;
			defaultConfigurationName = Release;
		};
/* End XCConfigurationList section */
	};
	rootObject = 3BFB182F28BA0F09008D58F0 /* Project object */;
}
