// !$*UTF8*$!
{
	archiveVersion = 1;
	classes = {
	};
	objectVersion = 55;
	objects = {

/* Begin PBXBuildFile section */
		3B312B8628BAFE250048AA8D /* WriteView.storyboard in Resources */ = {isa = PBXBuildFile; fileRef = 3B312B8528BAFE250048AA8D /* WriteView.storyboard */; };
		3B312B8828BAFE320048AA8D /* writeVC.swift in Sources */ = {isa = PBXBuildFile; fileRef = 3B312B8728BAFE320048AA8D /* writeVC.swift */; };
		3B312B9528BB24D20048AA8D /* placeTVC.swift in Sources */ = {isa = PBXBuildFile; fileRef = 3B312B9428BB24D20048AA8D /* placeTVC.swift */; };
		3B312B9728BB25FD0048AA8D /* typeTVC.swift in Sources */ = {isa = PBXBuildFile; fileRef = 3B312B9628BB25FD0048AA8D /* typeTVC.swift */; };
		3B312B9928BB260D0048AA8D /* contentTVC.swift in Sources */ = {isa = PBXBuildFile; fileRef = 3B312B9828BB260D0048AA8D /* contentTVC.swift */; };
		3BE8A0D128BA37B200C09CC1 /* StoryboardLiterals.swift in Sources */ = {isa = PBXBuildFile; fileRef = 3BE8A0D028BA37B200C09CC1 /* StoryboardLiterals.swift */; };
		3BE8A0D528BA380300C09CC1 /* ModuleFactory.swift in Sources */ = {isa = PBXBuildFile; fileRef = 3BE8A0D428BA380300C09CC1 /* ModuleFactory.swift */; };
		3BE8A0D728BA386200C09CC1 /* controllerFromStoryBoard.swift in Sources */ = {isa = PBXBuildFile; fileRef = 3BE8A0D628BA386200C09CC1 /* controllerFromStoryBoard.swift */; };
		3BE8A0E728BA3D2400C09CC1 /* UIDevice+.swift in Sources */ = {isa = PBXBuildFile; fileRef = 3BE8A0DA28BA3D2400C09CC1 /* UIDevice+.swift */; };
		3BE8A0E828BA3D2400C09CC1 /* UITextView++.swift in Sources */ = {isa = PBXBuildFile; fileRef = 3BE8A0DB28BA3D2400C09CC1 /* UITextView++.swift */; };
		3BE8A0E928BA3D2400C09CC1 /* UITabBar+.swift in Sources */ = {isa = PBXBuildFile; fileRef = 3BE8A0DC28BA3D2400C09CC1 /* UITabBar+.swift */; };
		3BE8A0EA28BA3D2400C09CC1 /* UIView+.swift in Sources */ = {isa = PBXBuildFile; fileRef = 3BE8A0DD28BA3D2400C09CC1 /* UIView+.swift */; };
		3BE8A0EB28BA3D2400C09CC1 /* UIStackView+.swift in Sources */ = {isa = PBXBuildFile; fileRef = 3BE8A0DE28BA3D2400C09CC1 /* UIStackView+.swift */; };
		3BE8A0EC28BA3D2400C09CC1 /* UILabel+.swift in Sources */ = {isa = PBXBuildFile; fileRef = 3BE8A0DF28BA3D2400C09CC1 /* UILabel+.swift */; };
		3BE8A0ED28BA3D2400C09CC1 /* UIButton+.swift in Sources */ = {isa = PBXBuildFile; fileRef = 3BE8A0E028BA3D2400C09CC1 /* UIButton+.swift */; };
		3BE8A0EE28BA3D2400C09CC1 /* UIImage+.swift in Sources */ = {isa = PBXBuildFile; fileRef = 3BE8A0E128BA3D2400C09CC1 /* UIImage+.swift */; };
		3BE8A0EF28BA3D2400C09CC1 /* UITableView+.swift in Sources */ = {isa = PBXBuildFile; fileRef = 3BE8A0E228BA3D2400C09CC1 /* UITableView+.swift */; };
		3BE8A0F028BA3D2400C09CC1 /* UITextFeild+.swift in Sources */ = {isa = PBXBuildFile; fileRef = 3BE8A0E328BA3D2400C09CC1 /* UITextFeild+.swift */; };
		3BE8A0F128BA3D2400C09CC1 /* UIColor+.swift in Sources */ = {isa = PBXBuildFile; fileRef = 3BE8A0E528BA3D2400C09CC1 /* UIColor+.swift */; };
		3BE8A0F228BA3D2400C09CC1 /* String+.swift in Sources */ = {isa = PBXBuildFile; fileRef = 3BE8A0E628BA3D2400C09CC1 /* String+.swift */; };
		3BE8A0F728BA6F9A00C09CC1 /* Splash.storyboard in Resources */ = {isa = PBXBuildFile; fileRef = 3BE8A0F628BA6F9A00C09CC1 /* Splash.storyboard */; };
		3BE8A0F928BA6FBA00C09CC1 /* splashVC.swift in Sources */ = {isa = PBXBuildFile; fileRef = 3BE8A0F828BA6FBA00C09CC1 /* splashVC.swift */; };
		3BE8A0FB28BA728600C09CC1 /* Ghanachocolate.otf in Resources */ = {isa = PBXBuildFile; fileRef = 3BE8A0FA28BA728600C09CC1 /* Ghanachocolate.otf */; };
		3BEFD8A828BB421200011AEB /* typeCVC.swift in Sources */ = {isa = PBXBuildFile; fileRef = 3BEFD8A728BB421200011AEB /* typeCVC.swift */; };
		3BEFD8AB28BB65BB00011AEB /* customTabBar.swift in Sources */ = {isa = PBXBuildFile; fileRef = 3BEFD8AA28BB65BB00011AEB /* customTabBar.swift */; };
		3BEFD8AD28BB65C700011AEB /* tabBar.storyboard in Resources */ = {isa = PBXBuildFile; fileRef = 3BEFD8AC28BB65C700011AEB /* tabBar.storyboard */; };
		3BEFD8AF28BB709900011AEB /* Home.storyboard in Resources */ = {isa = PBXBuildFile; fileRef = 3BEFD8AE28BB709900011AEB /* Home.storyboard */; };
		3BEFD8B128BB711100011AEB /* List.storyboard in Resources */ = {isa = PBXBuildFile; fileRef = 3BEFD8B028BB711100011AEB /* List.storyboard */; };
		3BEFD8C228BB80D900011AEB /* typeSelect.storyboard in Resources */ = {isa = PBXBuildFile; fileRef = 3BEFD8C128BB80D900011AEB /* typeSelect.storyboard */; };
		3BEFD8C428BB80E700011AEB /* typeSelectVC.swift in Sources */ = {isa = PBXBuildFile; fileRef = 3BEFD8C328BB80E700011AEB /* typeSelectVC.swift */; };
		3BFB183B28BA0F09008D58F0 /* AppDelegate.swift in Sources */ = {isa = PBXBuildFile; fileRef = 3BFB183A28BA0F09008D58F0 /* AppDelegate.swift */; };
		3BFB183D28BA0F09008D58F0 /* SceneDelegate.swift in Sources */ = {isa = PBXBuildFile; fileRef = 3BFB183C28BA0F09008D58F0 /* SceneDelegate.swift */; };
		3BFB183F28BA0F09008D58F0 /* ViewController.swift in Sources */ = {isa = PBXBuildFile; fileRef = 3BFB183E28BA0F09008D58F0 /* ViewController.swift */; };
		3BFB184228BA0F09008D58F0 /* Main.storyboard in Resources */ = {isa = PBXBuildFile; fileRef = 3BFB184028BA0F09008D58F0 /* Main.storyboard */; };
		3BFB184728BA0F0A008D58F0 /* LaunchScreen.storyboard in Resources */ = {isa = PBXBuildFile; fileRef = 3BFB184528BA0F0A008D58F0 /* LaunchScreen.storyboard */; };
		3BFB186C28BA0F80008D58F0 /* Colors.xcassets in Resources */ = {isa = PBXBuildFile; fileRef = 3BFB185128BA0F80008D58F0 /* Colors.xcassets */; };
		3BFB186D28BA0F80008D58F0 /* Assets.xcassets in Resources */ = {isa = PBXBuildFile; fileRef = 3BFB185228BA0F80008D58F0 /* Assets.xcassets */; };
		3BFB186F28BA0F80008D58F0 /* StringLiterals.swift in Sources */ = {isa = PBXBuildFile; fileRef = 3BFB185828BA0F80008D58F0 /* StringLiterals.swift */; };
		3BFB187028BA0F80008D58F0 /* ImageLiterals.swift in Sources */ = {isa = PBXBuildFile; fileRef = 3BFB185928BA0F80008D58F0 /* ImageLiterals.swift */; };
		3BFB187D28BA0F80008D58F0 /* UICollectionViewRegisterable.swift in Sources */ = {isa = PBXBuildFile; fileRef = 3BFB186A28BA0F80008D58F0 /* UICollectionViewRegisterable.swift */; };
		3BFB187E28BA0F80008D58F0 /* UITableViewRegisterable.swift in Sources */ = {isa = PBXBuildFile; fileRef = 3BFB186B28BA0F80008D58F0 /* UITableViewRegisterable.swift */; };
		3BFB188A28BA0FC2008D58F0 /* showToast.swift in Sources */ = {isa = PBXBuildFile; fileRef = 3BFB188128BA0FC2008D58F0 /* showToast.swift */; };
		3BFB188C28BA0FC2008D58F0 /* applyShadow.swift in Sources */ = {isa = PBXBuildFile; fileRef = 3BFB188328BA0FC2008D58F0 /* applyShadow.swift */; };
		3BFB188D28BA0FC2008D58F0 /* setRootViewController.swift in Sources */ = {isa = PBXBuildFile; fileRef = 3BFB188428BA0FC2008D58F0 /* setRootViewController.swift */; };
		3BFB188E28BA0FC2008D58F0 /* getClassName.swift in Sources */ = {isa = PBXBuildFile; fileRef = 3BFB188528BA0FC2008D58F0 /* getClassName.swift */; };
		3BFB188F28BA0FC2008D58F0 /* setImage.swift in Sources */ = {isa = PBXBuildFile; fileRef = 3BFB188628BA0FC2008D58F0 /* setImage.swift */; };
		3BFB189028BA0FC2008D58F0 /* setDefaultFont.swift in Sources */ = {isa = PBXBuildFile; fileRef = 3BFB188728BA0FC2008D58F0 /* setDefaultFont.swift */; };
		3BFB189128BA0FC2008D58F0 /* makeVibrate.swift in Sources */ = {isa = PBXBuildFile; fileRef = 3BFB188828BA0FC2008D58F0 /* makeVibrate.swift */; };
		A216DBEE28BB393200B7C9D8 /* AuthorizationViewController.swift in Sources */ = {isa = PBXBuildFile; fileRef = A216DBED28BB393200B7C9D8 /* AuthorizationViewController.swift */; };
		A216DBF028BB6D5600B7C9D8 /* WriteLocationVC.swift in Sources */ = {isa = PBXBuildFile; fileRef = A216DBEF28BB6D5600B7C9D8 /* WriteLocationVC.swift */; };
		A2F5F04F28BB807D00E45AFF /* GoodDeed.swift in Sources */ = {isa = PBXBuildFile; fileRef = A2F5F04E28BB807D00E45AFF /* GoodDeed.swift */; };
		A2F7A18328BB079E001BF532 /* ListViewController.swift in Sources */ = {isa = PBXBuildFile; fileRef = A2F7A18228BB079E001BF532 /* ListViewController.swift */; };
		A2F7A18528BB0EAE001BF532 /* ListCollectionViewCell.swift in Sources */ = {isa = PBXBuildFile; fileRef = A2F7A18428BB0EAE001BF532 /* ListCollectionViewCell.swift */; };
		A2FD94E828BA76390039E997 /* HomeViewController.swift in Sources */ = {isa = PBXBuildFile; fileRef = A2FD94E728BA76390039E997 /* HomeViewController.swift */; };
		A2FD94EA28BAD5820039E997 /* HomeCollectionViewCell.swift in Sources */ = {isa = PBXBuildFile; fileRef = A2FD94E928BAD5820039E997 /* HomeCollectionViewCell.swift */; };
		B1D961B4B41800ECBDCCD436 /* Pods_SMSH_Summer.framework in Frameworks */ = {isa = PBXBuildFile; fileRef = 802077A4D47A5295C555D216 /* Pods_SMSH_Summer.framework */; };
/* End PBXBuildFile section */

/* Begin PBXFileReference section */
		3B312B8528BAFE250048AA8D /* WriteView.storyboard */ = {isa = PBXFileReference; lastKnownFileType = file.storyboard; path = WriteView.storyboard; sourceTree = "<group>"; };
		3B312B8728BAFE320048AA8D /* writeVC.swift */ = {isa = PBXFileReference; lastKnownFileType = sourcecode.swift; path = writeVC.swift; sourceTree = "<group>"; };
		3B312B9428BB24D20048AA8D /* placeTVC.swift */ = {isa = PBXFileReference; lastKnownFileType = sourcecode.swift; path = placeTVC.swift; sourceTree = "<group>"; };
		3B312B9628BB25FD0048AA8D /* typeTVC.swift */ = {isa = PBXFileReference; lastKnownFileType = sourcecode.swift; path = typeTVC.swift; sourceTree = "<group>"; };
		3B312B9828BB260D0048AA8D /* contentTVC.swift */ = {isa = PBXFileReference; lastKnownFileType = sourcecode.swift; path = contentTVC.swift; sourceTree = "<group>"; };
		3BE8A0D028BA37B200C09CC1 /* StoryboardLiterals.swift */ = {isa = PBXFileReference; lastKnownFileType = sourcecode.swift; path = StoryboardLiterals.swift; sourceTree = "<group>"; };
		3BE8A0D428BA380300C09CC1 /* ModuleFactory.swift */ = {isa = PBXFileReference; lastKnownFileType = sourcecode.swift; path = ModuleFactory.swift; sourceTree = "<group>"; };
		3BE8A0D628BA386200C09CC1 /* controllerFromStoryBoard.swift */ = {isa = PBXFileReference; lastKnownFileType = sourcecode.swift; path = controllerFromStoryBoard.swift; sourceTree = "<group>"; };
		3BE8A0DA28BA3D2400C09CC1 /* UIDevice+.swift */ = {isa = PBXFileReference; fileEncoding = 4; lastKnownFileType = sourcecode.swift; path = "UIDevice+.swift"; sourceTree = "<group>"; };
		3BE8A0DB28BA3D2400C09CC1 /* UITextView++.swift */ = {isa = PBXFileReference; fileEncoding = 4; lastKnownFileType = sourcecode.swift; path = "UITextView++.swift"; sourceTree = "<group>"; };
		3BE8A0DC28BA3D2400C09CC1 /* UITabBar+.swift */ = {isa = PBXFileReference; fileEncoding = 4; lastKnownFileType = sourcecode.swift; path = "UITabBar+.swift"; sourceTree = "<group>"; };
		3BE8A0DD28BA3D2400C09CC1 /* UIView+.swift */ = {isa = PBXFileReference; fileEncoding = 4; lastKnownFileType = sourcecode.swift; path = "UIView+.swift"; sourceTree = "<group>"; };
		3BE8A0DE28BA3D2400C09CC1 /* UIStackView+.swift */ = {isa = PBXFileReference; fileEncoding = 4; lastKnownFileType = sourcecode.swift; path = "UIStackView+.swift"; sourceTree = "<group>"; };
		3BE8A0DF28BA3D2400C09CC1 /* UILabel+.swift */ = {isa = PBXFileReference; fileEncoding = 4; lastKnownFileType = sourcecode.swift; path = "UILabel+.swift"; sourceTree = "<group>"; };
		3BE8A0E028BA3D2400C09CC1 /* UIButton+.swift */ = {isa = PBXFileReference; fileEncoding = 4; lastKnownFileType = sourcecode.swift; path = "UIButton+.swift"; sourceTree = "<group>"; };
		3BE8A0E128BA3D2400C09CC1 /* UIImage+.swift */ = {isa = PBXFileReference; fileEncoding = 4; lastKnownFileType = sourcecode.swift; path = "UIImage+.swift"; sourceTree = "<group>"; };
		3BE8A0E228BA3D2400C09CC1 /* UITableView+.swift */ = {isa = PBXFileReference; fileEncoding = 4; lastKnownFileType = sourcecode.swift; path = "UITableView+.swift"; sourceTree = "<group>"; };
		3BE8A0E328BA3D2400C09CC1 /* UITextFeild+.swift */ = {isa = PBXFileReference; fileEncoding = 4; lastKnownFileType = sourcecode.swift; path = "UITextFeild+.swift"; sourceTree = "<group>"; };
		3BE8A0E528BA3D2400C09CC1 /* UIColor+.swift */ = {isa = PBXFileReference; fileEncoding = 4; lastKnownFileType = sourcecode.swift; path = "UIColor+.swift"; sourceTree = "<group>"; };
		3BE8A0E628BA3D2400C09CC1 /* String+.swift */ = {isa = PBXFileReference; fileEncoding = 4; lastKnownFileType = sourcecode.swift; path = "String+.swift"; sourceTree = "<group>"; };
		3BE8A0F628BA6F9A00C09CC1 /* Splash.storyboard */ = {isa = PBXFileReference; lastKnownFileType = file.storyboard; path = Splash.storyboard; sourceTree = "<group>"; };
		3BE8A0F828BA6FBA00C09CC1 /* splashVC.swift */ = {isa = PBXFileReference; lastKnownFileType = sourcecode.swift; path = splashVC.swift; sourceTree = "<group>"; };
		3BE8A0FA28BA728600C09CC1 /* Ghanachocolate.otf */ = {isa = PBXFileReference; lastKnownFileType = file; path = Ghanachocolate.otf; sourceTree = "<group>"; };
		3BEFD8A728BB421200011AEB /* typeCVC.swift */ = {isa = PBXFileReference; lastKnownFileType = sourcecode.swift; path = typeCVC.swift; sourceTree = "<group>"; };
		3BEFD8AA28BB65BB00011AEB /* customTabBar.swift */ = {isa = PBXFileReference; lastKnownFileType = sourcecode.swift; path = customTabBar.swift; sourceTree = "<group>"; };
		3BEFD8AC28BB65C700011AEB /* tabBar.storyboard */ = {isa = PBXFileReference; lastKnownFileType = file.storyboard; path = tabBar.storyboard; sourceTree = "<group>"; };
		3BEFD8AE28BB709900011AEB /* Home.storyboard */ = {isa = PBXFileReference; lastKnownFileType = file.storyboard; path = Home.storyboard; sourceTree = "<group>"; };
		3BEFD8B028BB711100011AEB /* List.storyboard */ = {isa = PBXFileReference; lastKnownFileType = file.storyboard; path = List.storyboard; sourceTree = "<group>"; };
		3BEFD8C128BB80D900011AEB /* typeSelect.storyboard */ = {isa = PBXFileReference; lastKnownFileType = file.storyboard; path = typeSelect.storyboard; sourceTree = "<group>"; };
		3BEFD8C328BB80E700011AEB /* typeSelectVC.swift */ = {isa = PBXFileReference; lastKnownFileType = sourcecode.swift; path = typeSelectVC.swift; sourceTree = "<group>"; };
		3BFB183728BA0F09008D58F0 /* SMSH-Summer.app */ = {isa = PBXFileReference; explicitFileType = wrapper.application; includeInIndex = 0; path = "SMSH-Summer.app"; sourceTree = BUILT_PRODUCTS_DIR; };
		3BFB183A28BA0F09008D58F0 /* AppDelegate.swift */ = {isa = PBXFileReference; lastKnownFileType = sourcecode.swift; path = AppDelegate.swift; sourceTree = "<group>"; };
		3BFB183C28BA0F09008D58F0 /* SceneDelegate.swift */ = {isa = PBXFileReference; lastKnownFileType = sourcecode.swift; path = SceneDelegate.swift; sourceTree = "<group>"; };
		3BFB183E28BA0F09008D58F0 /* ViewController.swift */ = {isa = PBXFileReference; lastKnownFileType = sourcecode.swift; path = ViewController.swift; sourceTree = "<group>"; };
		3BFB184128BA0F09008D58F0 /* Base */ = {isa = PBXFileReference; lastKnownFileType = file.storyboard; name = Base; path = Base.lproj/Main.storyboard; sourceTree = "<group>"; };
		3BFB184628BA0F0A008D58F0 /* Base */ = {isa = PBXFileReference; lastKnownFileType = file.storyboard; name = Base; path = Base.lproj/LaunchScreen.storyboard; sourceTree = "<group>"; };
		3BFB184828BA0F0A008D58F0 /* Info.plist */ = {isa = PBXFileReference; lastKnownFileType = text.plist.xml; path = Info.plist; sourceTree = "<group>"; };
		3BFB185128BA0F80008D58F0 /* Colors.xcassets */ = {isa = PBXFileReference; lastKnownFileType = folder.assetcatalog; path = Colors.xcassets; sourceTree = "<group>"; };
		3BFB185228BA0F80008D58F0 /* Assets.xcassets */ = {isa = PBXFileReference; lastKnownFileType = folder.assetcatalog; path = Assets.xcassets; sourceTree = "<group>"; };
		3BFB185828BA0F80008D58F0 /* StringLiterals.swift */ = {isa = PBXFileReference; fileEncoding = 4; lastKnownFileType = sourcecode.swift; path = StringLiterals.swift; sourceTree = "<group>"; };
		3BFB185928BA0F80008D58F0 /* ImageLiterals.swift */ = {isa = PBXFileReference; fileEncoding = 4; lastKnownFileType = sourcecode.swift; path = ImageLiterals.swift; sourceTree = "<group>"; };
		3BFB186A28BA0F80008D58F0 /* UICollectionViewRegisterable.swift */ = {isa = PBXFileReference; fileEncoding = 4; lastKnownFileType = sourcecode.swift; path = UICollectionViewRegisterable.swift; sourceTree = "<group>"; };
		3BFB186B28BA0F80008D58F0 /* UITableViewRegisterable.swift */ = {isa = PBXFileReference; fileEncoding = 4; lastKnownFileType = sourcecode.swift; path = UITableViewRegisterable.swift; sourceTree = "<group>"; };
		3BFB188128BA0FC2008D58F0 /* showToast.swift */ = {isa = PBXFileReference; fileEncoding = 4; lastKnownFileType = sourcecode.swift; path = showToast.swift; sourceTree = "<group>"; };
		3BFB188328BA0FC2008D58F0 /* applyShadow.swift */ = {isa = PBXFileReference; fileEncoding = 4; lastKnownFileType = sourcecode.swift; path = applyShadow.swift; sourceTree = "<group>"; };
		3BFB188428BA0FC2008D58F0 /* setRootViewController.swift */ = {isa = PBXFileReference; fileEncoding = 4; lastKnownFileType = sourcecode.swift; path = setRootViewController.swift; sourceTree = "<group>"; };
		3BFB188528BA0FC2008D58F0 /* getClassName.swift */ = {isa = PBXFileReference; fileEncoding = 4; lastKnownFileType = sourcecode.swift; path = getClassName.swift; sourceTree = "<group>"; };
		3BFB188628BA0FC2008D58F0 /* setImage.swift */ = {isa = PBXFileReference; fileEncoding = 4; lastKnownFileType = sourcecode.swift; path = setImage.swift; sourceTree = "<group>"; };
		3BFB188728BA0FC2008D58F0 /* setDefaultFont.swift */ = {isa = PBXFileReference; fileEncoding = 4; lastKnownFileType = sourcecode.swift; path = setDefaultFont.swift; sourceTree = "<group>"; };
		3BFB188828BA0FC2008D58F0 /* makeVibrate.swift */ = {isa = PBXFileReference; fileEncoding = 4; lastKnownFileType = sourcecode.swift; path = makeVibrate.swift; sourceTree = "<group>"; };
		4F39F37E61C8BF30F1BA36FB /* Pods-SMSH-Summer.debug.xcconfig */ = {isa = PBXFileReference; includeInIndex = 1; lastKnownFileType = text.xcconfig; name = "Pods-SMSH-Summer.debug.xcconfig"; path = "Target Support Files/Pods-SMSH-Summer/Pods-SMSH-Summer.debug.xcconfig"; sourceTree = "<group>"; };
		802077A4D47A5295C555D216 /* Pods_SMSH_Summer.framework */ = {isa = PBXFileReference; explicitFileType = wrapper.framework; includeInIndex = 0; path = Pods_SMSH_Summer.framework; sourceTree = BUILT_PRODUCTS_DIR; };
		89CBE393D29ACB4A5B940C68 /* Pods-SMSH-Summer.release.xcconfig */ = {isa = PBXFileReference; includeInIndex = 1; lastKnownFileType = text.xcconfig; name = "Pods-SMSH-Summer.release.xcconfig"; path = "Target Support Files/Pods-SMSH-Summer/Pods-SMSH-Summer.release.xcconfig"; sourceTree = "<group>"; };
		A216DBED28BB393200B7C9D8 /* AuthorizationViewController.swift */ = {isa = PBXFileReference; lastKnownFileType = sourcecode.swift; path = AuthorizationViewController.swift; sourceTree = "<group>"; };
		A216DBEF28BB6D5600B7C9D8 /* WriteLocationVC.swift */ = {isa = PBXFileReference; lastKnownFileType = sourcecode.swift; path = WriteLocationVC.swift; sourceTree = "<group>"; };
		A2F5F04E28BB807D00E45AFF /* GoodDeed.swift */ = {isa = PBXFileReference; lastKnownFileType = sourcecode.swift; path = GoodDeed.swift; sourceTree = "<group>"; };
		A2F7A18228BB079E001BF532 /* ListViewController.swift */ = {isa = PBXFileReference; lastKnownFileType = sourcecode.swift; path = ListViewController.swift; sourceTree = "<group>"; };
		A2F7A18428BB0EAE001BF532 /* ListCollectionViewCell.swift */ = {isa = PBXFileReference; lastKnownFileType = sourcecode.swift; path = ListCollectionViewCell.swift; sourceTree = "<group>"; };
		A2FD94E728BA76390039E997 /* HomeViewController.swift */ = {isa = PBXFileReference; lastKnownFileType = sourcecode.swift; path = HomeViewController.swift; sourceTree = "<group>"; };
		A2FD94E928BAD5820039E997 /* HomeCollectionViewCell.swift */ = {isa = PBXFileReference; lastKnownFileType = sourcecode.swift; path = HomeCollectionViewCell.swift; sourceTree = "<group>"; };
/* End PBXFileReference section */

/* Begin PBXFrameworksBuildPhase section */
		3BFB183428BA0F09008D58F0 /* Frameworks */ = {
			isa = PBXFrameworksBuildPhase;
			buildActionMask = 2147483647;
			files = (
				B1D961B4B41800ECBDCCD436 /* Pods_SMSH_Summer.framework in Frameworks */,
			);
			runOnlyForDeploymentPostprocessing = 0;
		};
/* End PBXFrameworksBuildPhase section */

/* Begin PBXGroup section */
		03539969409DD99BFC389B89 /* Pods */ = {
			isa = PBXGroup;
			children = (
				4F39F37E61C8BF30F1BA36FB /* Pods-SMSH-Summer.debug.xcconfig */,
				89CBE393D29ACB4A5B940C68 /* Pods-SMSH-Summer.release.xcconfig */,
			);
			path = Pods;
			sourceTree = "<group>";
		};
		3B312B8328BAFE010048AA8D /* WriteView */ = {
			isa = PBXGroup;
			children = (
				3B312B8928BB0A950048AA8D /* Cells */,
				3B312B8428BAFE180048AA8D /* VC */,
			);
			path = WriteView;
			sourceTree = "<group>";
		};
		3B312B8428BAFE180048AA8D /* VC */ = {
			isa = PBXGroup;
			children = (
				3B312B8528BAFE250048AA8D /* WriteView.storyboard */,
				3B312B8728BAFE320048AA8D /* writeVC.swift */,
				A216DBEF28BB6D5600B7C9D8 /* WriteLocationVC.swift */,
			);
			path = VC;
			sourceTree = "<group>";
		};
		3B312B8928BB0A950048AA8D /* Cells */ = {
			isa = PBXGroup;
			children = (
				3BEFD8A628BB41FD00011AEB /* CVC */,
				3BEFD8A528BB41EA00011AEB /* TVC */,
			);
			path = Cells;
			sourceTree = "<group>";
		};
		3BE8A0D228BA37D500C09CC1 /* ModuleFactory */ = {
			isa = PBXGroup;
			children = (
				3BE8A0D328BA37E200C09CC1 /* Factory */,
			);
			path = ModuleFactory;
			sourceTree = "<group>";
		};
		3BE8A0D328BA37E200C09CC1 /* Factory */ = {
			isa = PBXGroup;
			children = (
				3BE8A0D428BA380300C09CC1 /* ModuleFactory.swift */,
				3BE8A0D628BA386200C09CC1 /* controllerFromStoryBoard.swift */,
			);
			path = Factory;
			sourceTree = "<group>";
		};
		3BE8A0D828BA3D2400C09CC1 /* Extention */ = {
			isa = PBXGroup;
			children = (
				3BE8A0D928BA3D2400C09CC1 /* UI */,
				3BE8A0E428BA3D2400C09CC1 /* Design */,
				3BE8A0E628BA3D2400C09CC1 /* String+.swift */,
			);
			path = Extention;
			sourceTree = "<group>";
		};
		3BE8A0D928BA3D2400C09CC1 /* UI */ = {
			isa = PBXGroup;
			children = (
				3BE8A0DA28BA3D2400C09CC1 /* UIDevice+.swift */,
				3BE8A0DB28BA3D2400C09CC1 /* UITextView++.swift */,
				3BE8A0DC28BA3D2400C09CC1 /* UITabBar+.swift */,
				3BE8A0DD28BA3D2400C09CC1 /* UIView+.swift */,
				3BE8A0DE28BA3D2400C09CC1 /* UIStackView+.swift */,
				3BE8A0DF28BA3D2400C09CC1 /* UILabel+.swift */,
				3BE8A0E028BA3D2400C09CC1 /* UIButton+.swift */,
				3BE8A0E128BA3D2400C09CC1 /* UIImage+.swift */,
				3BE8A0E228BA3D2400C09CC1 /* UITableView+.swift */,
				3BE8A0E328BA3D2400C09CC1 /* UITextFeild+.swift */,
			);
			path = UI;
			sourceTree = "<group>";
		};
		3BE8A0E428BA3D2400C09CC1 /* Design */ = {
			isa = PBXGroup;
			children = (
				3BE8A0E528BA3D2400C09CC1 /* UIColor+.swift */,
			);
			path = Design;
			sourceTree = "<group>";
		};
		3BE8A0F328BA6F7B00C09CC1 /* Splash */ = {
			isa = PBXGroup;
			children = (
				3BE8A0F528BA6F8A00C09CC1 /* VC */,
			);
			path = Splash;
			sourceTree = "<group>";
		};
		3BE8A0F528BA6F8A00C09CC1 /* VC */ = {
			isa = PBXGroup;
			children = (
				3BE8A0F628BA6F9A00C09CC1 /* Splash.storyboard */,
				3BE8A0F828BA6FBA00C09CC1 /* splashVC.swift */,
			);
			path = VC;
			sourceTree = "<group>";
		};
		3BEFD8A528BB41EA00011AEB /* TVC */ = {
			isa = PBXGroup;
			children = (
				3B312B9428BB24D20048AA8D /* placeTVC.swift */,
				3B312B9628BB25FD0048AA8D /* typeTVC.swift */,
				3B312B9828BB260D0048AA8D /* contentTVC.swift */,
			);
			path = TVC;
			sourceTree = "<group>";
		};
		3BEFD8A628BB41FD00011AEB /* CVC */ = {
			isa = PBXGroup;
			children = (
				3BEFD8A728BB421200011AEB /* typeCVC.swift */,
			);
			path = CVC;
			sourceTree = "<group>";
		};
		3BEFD8A928BB658600011AEB /* TabBar */ = {
			isa = PBXGroup;
			children = (
				3BEFD8AA28BB65BB00011AEB /* customTabBar.swift */,
				3BEFD8AC28BB65C700011AEB /* tabBar.storyboard */,
			);
			path = TabBar;
			sourceTree = "<group>";
		};
		3BEFD8C028BB80CA00011AEB /* typeSelect */ = {
			isa = PBXGroup;
			children = (
				3BEFD8C128BB80D900011AEB /* typeSelect.storyboard */,
				3BEFD8C328BB80E700011AEB /* typeSelectVC.swift */,
			);
			path = typeSelect;
			sourceTree = "<group>";
		};
		3BFB182E28BA0F09008D58F0 = {
			isa = PBXGroup;
			children = (
				3BFB183928BA0F09008D58F0 /* SMSH-Summer */,
				3BFB183828BA0F09008D58F0 /* Products */,
				03539969409DD99BFC389B89 /* Pods */,
				B122CA4EB40B1ED992937D7D /* Frameworks */,
			);
			sourceTree = "<group>";
		};
		3BFB183828BA0F09008D58F0 /* Products */ = {
			isa = PBXGroup;
			children = (
				3BFB183728BA0F09008D58F0 /* SMSH-Summer.app */,
			);
			name = Products;
			sourceTree = "<group>";
		};
		3BFB183928BA0F09008D58F0 /* SMSH-Summer */ = {
			isa = PBXGroup;
			children = (
				3BFB184E28BA0F53008D58F0 /* Application */,
				3BFB184F28BA0F80008D58F0 /* Global */,
				3BFB187F28BA0F9A008D58F0 /* Presentation */,
				3BFB184528BA0F0A008D58F0 /* LaunchScreen.storyboard */,
				3BFB184828BA0F0A008D58F0 /* Info.plist */,
				3BFB188028BA0FC2008D58F0 /* Utils */,
				A2F5F04C28BB803F00E45AFF /* Domain */,
			);
			path = "SMSH-Summer";
			sourceTree = "<group>";
		};
		3BFB184E28BA0F53008D58F0 /* Application */ = {
			isa = PBXGroup;
			children = (
				3BE8A0D228BA37D500C09CC1 /* ModuleFactory */,
				3BFB183A28BA0F09008D58F0 /* AppDelegate.swift */,
				3BFB183C28BA0F09008D58F0 /* SceneDelegate.swift */,
			);
			path = Application;
			sourceTree = "<group>";
		};
		3BFB184F28BA0F80008D58F0 /* Global */ = {
			isa = PBXGroup;
			children = (
				3BE8A0D828BA3D2400C09CC1 /* Extention */,
				3BFB185028BA0F80008D58F0 /* Resources */,
				3BFB185428BA0F80008D58F0 /* Supporting Files */,
				3BFB185728BA0F80008D58F0 /* Literals */,
				3BFB186928BA0F80008D58F0 /* Protocols */,
			);
			path = Global;
			sourceTree = "<group>";
		};
		3BFB185028BA0F80008D58F0 /* Resources */ = {
			isa = PBXGroup;
			children = (
				3BFB185128BA0F80008D58F0 /* Colors.xcassets */,
				3BFB185228BA0F80008D58F0 /* Assets.xcassets */,
				3BFB185328BA0F80008D58F0 /* Fonts */,
			);
			path = Resources;
			sourceTree = "<group>";
		};
		3BFB185328BA0F80008D58F0 /* Fonts */ = {
			isa = PBXGroup;
			children = (
				3BE8A0FA28BA728600C09CC1 /* Ghanachocolate.otf */,
			);
			path = Fonts;
			sourceTree = "<group>";
		};
		3BFB185428BA0F80008D58F0 /* Supporting Files */ = {
			isa = PBXGroup;
			children = (
			);
			path = "Supporting Files";
			sourceTree = "<group>";
		};
		3BFB185728BA0F80008D58F0 /* Literals */ = {
			isa = PBXGroup;
			children = (
				3BFB185828BA0F80008D58F0 /* StringLiterals.swift */,
				3BFB185928BA0F80008D58F0 /* ImageLiterals.swift */,
				3BE8A0D028BA37B200C09CC1 /* StoryboardLiterals.swift */,
			);
			path = Literals;
			sourceTree = "<group>";
		};
		3BFB186928BA0F80008D58F0 /* Protocols */ = {
			isa = PBXGroup;
			children = (
				3BFB186A28BA0F80008D58F0 /* UICollectionViewRegisterable.swift */,
				3BFB186B28BA0F80008D58F0 /* UITableViewRegisterable.swift */,
			);
			path = Protocols;
			sourceTree = "<group>";
		};
		3BFB187F28BA0F9A008D58F0 /* Presentation */ = {
			isa = PBXGroup;
			children = (
				3BEFD8C028BB80CA00011AEB /* typeSelect */,
				3BEFD8A928BB658600011AEB /* TabBar */,
				A216DBEB28BB38FD00B7C9D8 /* Authorization */,
				A2F7A18028BB077A001BF532 /* List */,
				3B312B8328BAFE010048AA8D /* WriteView */,
				3BE8A0F328BA6F7B00C09CC1 /* Splash */,
				A2FD94E328BA76050039E997 /* Home */,
				3BFB189628BA0FF7008D58F0 /* Main */,
			);
			path = Presentation;
			sourceTree = "<group>";
		};
		3BFB188028BA0FC2008D58F0 /* Utils */ = {
			isa = PBXGroup;
			children = (
				3BFB188128BA0FC2008D58F0 /* showToast.swift */,
				3BFB188328BA0FC2008D58F0 /* applyShadow.swift */,
				3BFB188428BA0FC2008D58F0 /* setRootViewController.swift */,
				3BFB188528BA0FC2008D58F0 /* getClassName.swift */,
				3BFB188628BA0FC2008D58F0 /* setImage.swift */,
				3BFB188728BA0FC2008D58F0 /* setDefaultFont.swift */,
				3BFB188828BA0FC2008D58F0 /* makeVibrate.swift */,
			);
			path = Utils;
			sourceTree = "<group>";
		};
		3BFB189328BA0FDD008D58F0 /* Views */ = {
			isa = PBXGroup;
			children = (
			);
			path = Views;
			sourceTree = "<group>";
		};
		3BFB189428BA0FE2008D58F0 /* VC */ = {
			isa = PBXGroup;
			children = (
				3BFB183E28BA0F09008D58F0 /* ViewController.swift */,
				3BFB184028BA0F09008D58F0 /* Main.storyboard */,
			);
			path = VC;
			sourceTree = "<group>";
		};
		3BFB189528BA0FE6008D58F0 /* ViewModel */ = {
			isa = PBXGroup;
			children = (
			);
			path = ViewModel;
			sourceTree = "<group>";
		};
		3BFB189628BA0FF7008D58F0 /* Main */ = {
			isa = PBXGroup;
			children = (
				3BFB189328BA0FDD008D58F0 /* Views */,
				3BFB189428BA0FE2008D58F0 /* VC */,
				3BFB189528BA0FE6008D58F0 /* ViewModel */,
			);
			path = Main;
			sourceTree = "<group>";
		};
		A216DBEB28BB38FD00B7C9D8 /* Authorization */ = {
			isa = PBXGroup;
			children = (
				A216DBEC28BB391A00B7C9D8 /* VC */,
			);
			path = Authorization;
			sourceTree = "<group>";
		};
		A216DBEC28BB391A00B7C9D8 /* VC */ = {
			isa = PBXGroup;
			children = (
				A216DBED28BB393200B7C9D8 /* AuthorizationViewController.swift */,
			);
			path = VC;
			sourceTree = "<group>";
		};
		A2F5F04C28BB803F00E45AFF /* Domain */ = {
			isa = PBXGroup;
			children = (
				A2F5F04D28BB805F00E45AFF /* Model */,
			);
			path = Domain;
			sourceTree = "<group>";
		};
		A2F5F04D28BB805F00E45AFF /* Model */ = {
			isa = PBXGroup;
			children = (
				A2F5F04E28BB807D00E45AFF /* GoodDeed.swift */,
			);
			path = Model;
			sourceTree = "<group>";
		};
		A2F7A18028BB077A001BF532 /* List */ = {
			isa = PBXGroup;
			children = (
				A2F7A18128BB078A001BF532 /* VC */,
			);
			path = List;
			sourceTree = "<group>";
		};
		A2F7A18128BB078A001BF532 /* VC */ = {
			isa = PBXGroup;
			children = (
				A2F7A18228BB079E001BF532 /* ListViewController.swift */,
				A2F7A18428BB0EAE001BF532 /* ListCollectionViewCell.swift */,
				3BEFD8B028BB711100011AEB /* List.storyboard */,
			);
			path = VC;
			sourceTree = "<group>";
		};
		A2FD94E328BA76050039E997 /* Home */ = {
			isa = PBXGroup;
			children = (
				A2FD94E428BA760F0039E997 /* Views */,
				A2FD94E528BA76160039E997 /* VC */,
				A2FD94E628BA761B0039E997 /* ViewModel */,
			);
			path = Home;
			sourceTree = "<group>";
		};
		A2FD94E428BA760F0039E997 /* Views */ = {
			isa = PBXGroup;
			children = (
			);
			path = Views;
			sourceTree = "<group>";
		};
		A2FD94E528BA76160039E997 /* VC */ = {
			isa = PBXGroup;
			children = (
				A2FD94E728BA76390039E997 /* HomeViewController.swift */,
				A2FD94E928BAD5820039E997 /* HomeCollectionViewCell.swift */,
				3BEFD8AE28BB709900011AEB /* Home.storyboard */,
			);
			path = VC;
			sourceTree = "<group>";
		};
		A2FD94E628BA761B0039E997 /* ViewModel */ = {
			isa = PBXGroup;
			children = (
			);
			path = ViewModel;
			sourceTree = "<group>";
		};
		B122CA4EB40B1ED992937D7D /* Frameworks */ = {
			isa = PBXGroup;
			children = (
				802077A4D47A5295C555D216 /* Pods_SMSH_Summer.framework */,
			);
			name = Frameworks;
			sourceTree = "<group>";
		};
/* End PBXGroup section */

/* Begin PBXNativeTarget section */
		3BFB183628BA0F09008D58F0 /* SMSH-Summer */ = {
			isa = PBXNativeTarget;
			buildConfigurationList = 3BFB184B28BA0F0A008D58F0 /* Build configuration list for PBXNativeTarget "SMSH-Summer" */;
			buildPhases = (
				E37AF8B3B6484B03B0754747 /* [CP] Check Pods Manifest.lock */,
				3BFB183328BA0F09008D58F0 /* Sources */,
				3BFB183428BA0F09008D58F0 /* Frameworks */,
				3BFB183528BA0F09008D58F0 /* Resources */,
				D4B2624C87B6740980ED9F28 /* [CP] Embed Pods Frameworks */,
			);
			buildRules = (
			);
			dependencies = (
			);
			name = "SMSH-Summer";
			productName = "SMSH-Summer";
			productReference = 3BFB183728BA0F09008D58F0 /* SMSH-Summer.app */;
			productType = "com.apple.product-type.application";
		};
/* End PBXNativeTarget section */

/* Begin PBXProject section */
		3BFB182F28BA0F09008D58F0 /* Project object */ = {
			isa = PBXProject;
			attributes = {
				BuildIndependentTargetsInParallel = 1;
				LastSwiftUpdateCheck = 1340;
				LastUpgradeCheck = 1340;
				TargetAttributes = {
					3BFB183628BA0F09008D58F0 = {
						CreatedOnToolsVersion = 13.4.1;
					};
				};
			};
			buildConfigurationList = 3BFB183228BA0F09008D58F0 /* Build configuration list for PBXProject "SMSH-Summer" */;
			compatibilityVersion = "Xcode 13.0";
			developmentRegion = en;
			hasScannedForEncodings = 0;
			knownRegions = (
				en,
				Base,
			);
			mainGroup = 3BFB182E28BA0F09008D58F0;
			productRefGroup = 3BFB183828BA0F09008D58F0 /* Products */;
			projectDirPath = "";
			projectRoot = "";
			targets = (
				3BFB183628BA0F09008D58F0 /* SMSH-Summer */,
			);
		};
/* End PBXProject section */

/* Begin PBXResourcesBuildPhase section */
		3BFB183528BA0F09008D58F0 /* Resources */ = {
			isa = PBXResourcesBuildPhase;
			buildActionMask = 2147483647;
			files = (
				3BFB184728BA0F0A008D58F0 /* LaunchScreen.storyboard in Resources */,
				3BFB186C28BA0F80008D58F0 /* Colors.xcassets in Resources */,
				3BEFD8C228BB80D900011AEB /* typeSelect.storyboard in Resources */,
				3BEFD8B128BB711100011AEB /* List.storyboard in Resources */,
				3B312B8628BAFE250048AA8D /* WriteView.storyboard in Resources */,
				3BEFD8AF28BB709900011AEB /* Home.storyboard in Resources */,
				3BFB184228BA0F09008D58F0 /* Main.storyboard in Resources */,
				3BEFD8AD28BB65C700011AEB /* tabBar.storyboard in Resources */,
				3BE8A0F728BA6F9A00C09CC1 /* Splash.storyboard in Resources */,
				3BE8A0FB28BA728600C09CC1 /* Ghanachocolate.otf in Resources */,
				3BFB186D28BA0F80008D58F0 /* Assets.xcassets in Resources */,
			);
			runOnlyForDeploymentPostprocessing = 0;
		};
/* End PBXResourcesBuildPhase section */

/* Begin PBXShellScriptBuildPhase section */
		D4B2624C87B6740980ED9F28 /* [CP] Embed Pods Frameworks */ = {
			isa = PBXShellScriptBuildPhase;
			buildActionMask = 2147483647;
			files = (
			);
			inputFileListPaths = (
				"${PODS_ROOT}/Target Support Files/Pods-SMSH-Summer/Pods-SMSH-Summer-frameworks-${CONFIGURATION}-input-files.xcfilelist",
			);
			name = "[CP] Embed Pods Frameworks";
			outputFileListPaths = (
				"${PODS_ROOT}/Target Support Files/Pods-SMSH-Summer/Pods-SMSH-Summer-frameworks-${CONFIGURATION}-output-files.xcfilelist",
			);
			runOnlyForDeploymentPostprocessing = 0;
			shellPath = /bin/sh;
			shellScript = "\"${PODS_ROOT}/Target Support Files/Pods-SMSH-Summer/Pods-SMSH-Summer-frameworks.sh\"\n";
			showEnvVarsInLog = 0;
		};
		E37AF8B3B6484B03B0754747 /* [CP] Check Pods Manifest.lock */ = {
			isa = PBXShellScriptBuildPhase;
			buildActionMask = 2147483647;
			files = (
			);
			inputFileListPaths = (
			);
			inputPaths = (
				"${PODS_PODFILE_DIR_PATH}/Podfile.lock",
				"${PODS_ROOT}/Manifest.lock",
			);
			name = "[CP] Check Pods Manifest.lock";
			outputFileListPaths = (
			);
			outputPaths = (
				"$(DERIVED_FILE_DIR)/Pods-SMSH-Summer-checkManifestLockResult.txt",
			);
			runOnlyForDeploymentPostprocessing = 0;
			shellPath = /bin/sh;
			shellScript = "diff \"${PODS_PODFILE_DIR_PATH}/Podfile.lock\" \"${PODS_ROOT}/Manifest.lock\" > /dev/null\nif [ $? != 0 ] ; then\n    # print error to STDERR\n    echo \"error: The sandbox is not in sync with the Podfile.lock. Run 'pod install' or update your CocoaPods installation.\" >&2\n    exit 1\nfi\n# This output is used by Xcode 'outputs' to avoid re-running this script phase.\necho \"SUCCESS\" > \"${SCRIPT_OUTPUT_FILE_0}\"\n";
			showEnvVarsInLog = 0;
		};
/* End PBXShellScriptBuildPhase section */

/* Begin PBXSourcesBuildPhase section */
		3BFB183328BA0F09008D58F0 /* Sources */ = {
			isa = PBXSourcesBuildPhase;
			buildActionMask = 2147483647;
			files = (
				3BE8A0D128BA37B200C09CC1 /* StoryboardLiterals.swift in Sources */,
				3BE8A0E828BA3D2400C09CC1 /* UITextView++.swift in Sources */,
				3BFB183F28BA0F09008D58F0 /* ViewController.swift in Sources */,
				3B312B9928BB260D0048AA8D /* contentTVC.swift in Sources */,
				3BE8A0E928BA3D2400C09CC1 /* UITabBar+.swift in Sources */,
				3BFB187D28BA0F80008D58F0 /* UICollectionViewRegisterable.swift in Sources */,
				A2F7A18328BB079E001BF532 /* ListViewController.swift in Sources */,
				A2FD94E828BA76390039E997 /* HomeViewController.swift in Sources */,
				3BFB188E28BA0FC2008D58F0 /* getClassName.swift in Sources */,
				3BFB189028BA0FC2008D58F0 /* setDefaultFont.swift in Sources */,
				A2FD94EA28BAD5820039E997 /* HomeCollectionViewCell.swift in Sources */,
				3BE8A0EF28BA3D2400C09CC1 /* UITableView+.swift in Sources */,
				A2F5F04F28BB807D00E45AFF /* GoodDeed.swift in Sources */,
				3BE8A0ED28BA3D2400C09CC1 /* UIButton+.swift in Sources */,
				A2F7A18528BB0EAE001BF532 /* ListCollectionViewCell.swift in Sources */,
				3B312B9528BB24D20048AA8D /* placeTVC.swift in Sources */,
				3BFB183B28BA0F09008D58F0 /* AppDelegate.swift in Sources */,
				3BE8A0D728BA386200C09CC1 /* controllerFromStoryBoard.swift in Sources */,
				3BE8A0F928BA6FBA00C09CC1 /* splashVC.swift in Sources */,
				3BE8A0EA28BA3D2400C09CC1 /* UIView+.swift in Sources */,
				3BFB188D28BA0FC2008D58F0 /* setRootViewController.swift in Sources */,
				A216DBF028BB6D5600B7C9D8 /* WriteLocationVC.swift in Sources */,
				3BE8A0F128BA3D2400C09CC1 /* UIColor+.swift in Sources */,
				3BE8A0EC28BA3D2400C09CC1 /* UILabel+.swift in Sources */,
				3BFB188A28BA0FC2008D58F0 /* showToast.swift in Sources */,
				3BEFD8C428BB80E700011AEB /* typeSelectVC.swift in Sources */,
				3BEFD8A828BB421200011AEB /* typeCVC.swift in Sources */,
				3BE8A0F028BA3D2400C09CC1 /* UITextFeild+.swift in Sources */,
				3BFB187028BA0F80008D58F0 /* ImageLiterals.swift in Sources */,
				3B312B9728BB25FD0048AA8D /* typeTVC.swift in Sources */,
				3B312B8828BAFE320048AA8D /* writeVC.swift in Sources */,
				3BFB186F28BA0F80008D58F0 /* StringLiterals.swift in Sources */,
				3BFB187E28BA0F80008D58F0 /* UITableViewRegisterable.swift in Sources */,
				3BEFD8AB28BB65BB00011AEB /* customTabBar.swift in Sources */,
				3BE8A0EE28BA3D2400C09CC1 /* UIImage+.swift in Sources */,
				3BFB188F28BA0FC2008D58F0 /* setImage.swift in Sources */,
				3BE8A0E728BA3D2400C09CC1 /* UIDevice+.swift in Sources */,
				A216DBEE28BB393200B7C9D8 /* AuthorizationViewController.swift in Sources */,
				3BE8A0D528BA380300C09CC1 /* ModuleFactory.swift in Sources */,
				3BFB189128BA0FC2008D58F0 /* makeVibrate.swift in Sources */,
				3BE8A0F228BA3D2400C09CC1 /* String+.swift in Sources */,
				3BE8A0EB28BA3D2400C09CC1 /* UIStackView+.swift in Sources */,
				3BFB183D28BA0F09008D58F0 /* SceneDelegate.swift in Sources */,
				3BFB188C28BA0FC2008D58F0 /* applyShadow.swift in Sources */,
			);
			runOnlyForDeploymentPostprocessing = 0;
		};
/* End PBXSourcesBuildPhase section */

/* Begin PBXVariantGroup section */
		3BFB184028BA0F09008D58F0 /* Main.storyboard */ = {
			isa = PBXVariantGroup;
			children = (
				3BFB184128BA0F09008D58F0 /* Base */,
			);
			name = Main.storyboard;
			sourceTree = "<group>";
		};
		3BFB184528BA0F0A008D58F0 /* LaunchScreen.storyboard */ = {
			isa = PBXVariantGroup;
			children = (
				3BFB184628BA0F0A008D58F0 /* Base */,
			);
			name = LaunchScreen.storyboard;
			sourceTree = "<group>";
		};
/* End PBXVariantGroup section */

/* Begin XCBuildConfiguration section */
		3BFB184928BA0F0A008D58F0 /* Debug */ = {
			isa = XCBuildConfiguration;
			buildSettings = {
				ALWAYS_SEARCH_USER_PATHS = NO;
				CLANG_ANALYZER_NONNULL = YES;
				CLANG_ANALYZER_NUMBER_OBJECT_CONVERSION = YES_AGGRESSIVE;
				CLANG_CXX_LANGUAGE_STANDARD = "gnu++17";
				CLANG_ENABLE_MODULES = YES;
				CLANG_ENABLE_OBJC_ARC = YES;
				CLANG_ENABLE_OBJC_WEAK = YES;
				CLANG_WARN_BLOCK_CAPTURE_AUTORELEASING = YES;
				CLANG_WARN_BOOL_CONVERSION = YES;
				CLANG_WARN_COMMA = YES;
				CLANG_WARN_CONSTANT_CONVERSION = YES;
				CLANG_WARN_DEPRECATED_OBJC_IMPLEMENTATIONS = YES;
				CLANG_WARN_DIRECT_OBJC_ISA_USAGE = YES_ERROR;
				CLANG_WARN_DOCUMENTATION_COMMENTS = YES;
				CLANG_WARN_EMPTY_BODY = YES;
				CLANG_WARN_ENUM_CONVERSION = YES;
				CLANG_WARN_INFINITE_RECURSION = YES;
				CLANG_WARN_INT_CONVERSION = YES;
				CLANG_WARN_NON_LITERAL_NULL_CONVERSION = YES;
				CLANG_WARN_OBJC_IMPLICIT_RETAIN_SELF = YES;
				CLANG_WARN_OBJC_LITERAL_CONVERSION = YES;
				CLANG_WARN_OBJC_ROOT_CLASS = YES_ERROR;
				CLANG_WARN_QUOTED_INCLUDE_IN_FRAMEWORK_HEADER = YES;
				CLANG_WARN_RANGE_LOOP_ANALYSIS = YES;
				CLANG_WARN_STRICT_PROTOTYPES = YES;
				CLANG_WARN_SUSPICIOUS_MOVE = YES;
				CLANG_WARN_UNGUARDED_AVAILABILITY = YES_AGGRESSIVE;
				CLANG_WARN_UNREACHABLE_CODE = YES;
				CLANG_WARN__DUPLICATE_METHOD_MATCH = YES;
				COPY_PHASE_STRIP = NO;
				DEBUG_INFORMATION_FORMAT = dwarf;
				ENABLE_STRICT_OBJC_MSGSEND = YES;
				ENABLE_TESTABILITY = YES;
				GCC_C_LANGUAGE_STANDARD = gnu11;
				GCC_DYNAMIC_NO_PIC = NO;
				GCC_NO_COMMON_BLOCKS = YES;
				GCC_OPTIMIZATION_LEVEL = 0;
				GCC_PREPROCESSOR_DEFINITIONS = (
					"DEBUG=1",
					"$(inherited)",
				);
				GCC_WARN_64_TO_32_BIT_CONVERSION = YES;
				GCC_WARN_ABOUT_RETURN_TYPE = YES_ERROR;
				GCC_WARN_UNDECLARED_SELECTOR = YES;
				GCC_WARN_UNINITIALIZED_AUTOS = YES_AGGRESSIVE;
				GCC_WARN_UNUSED_FUNCTION = YES;
				GCC_WARN_UNUSED_VARIABLE = YES;
				IPHONEOS_DEPLOYMENT_TARGET = 15.5;
				MTL_ENABLE_DEBUG_INFO = INCLUDE_SOURCE;
				MTL_FAST_MATH = YES;
				ONLY_ACTIVE_ARCH = YES;
				SDKROOT = iphoneos;
				SWIFT_ACTIVE_COMPILATION_CONDITIONS = DEBUG;
				SWIFT_OPTIMIZATION_LEVEL = "-Onone";
			};
			name = Debug;
		};
		3BFB184A28BA0F0A008D58F0 /* Release */ = {
			isa = XCBuildConfiguration;
			buildSettings = {
				ALWAYS_SEARCH_USER_PATHS = NO;
				CLANG_ANALYZER_NONNULL = YES;
				CLANG_ANALYZER_NUMBER_OBJECT_CONVERSION = YES_AGGRESSIVE;
				CLANG_CXX_LANGUAGE_STANDARD = "gnu++17";
				CLANG_ENABLE_MODULES = YES;
				CLANG_ENABLE_OBJC_ARC = YES;
				CLANG_ENABLE_OBJC_WEAK = YES;
				CLANG_WARN_BLOCK_CAPTURE_AUTORELEASING = YES;
				CLANG_WARN_BOOL_CONVERSION = YES;
				CLANG_WARN_COMMA = YES;
				CLANG_WARN_CONSTANT_CONVERSION = YES;
				CLANG_WARN_DEPRECATED_OBJC_IMPLEMENTATIONS = YES;
				CLANG_WARN_DIRECT_OBJC_ISA_USAGE = YES_ERROR;
				CLANG_WARN_DOCUMENTATION_COMMENTS = YES;
				CLANG_WARN_EMPTY_BODY = YES;
				CLANG_WARN_ENUM_CONVERSION = YES;
				CLANG_WARN_INFINITE_RECURSION = YES;
				CLANG_WARN_INT_CONVERSION = YES;
				CLANG_WARN_NON_LITERAL_NULL_CONVERSION = YES;
				CLANG_WARN_OBJC_IMPLICIT_RETAIN_SELF = YES;
				CLANG_WARN_OBJC_LITERAL_CONVERSION = YES;
				CLANG_WARN_OBJC_ROOT_CLASS = YES_ERROR;
				CLANG_WARN_QUOTED_INCLUDE_IN_FRAMEWORK_HEADER = YES;
				CLANG_WARN_RANGE_LOOP_ANALYSIS = YES;
				CLANG_WARN_STRICT_PROTOTYPES = YES;
				CLANG_WARN_SUSPICIOUS_MOVE = YES;
				CLANG_WARN_UNGUARDED_AVAILABILITY = YES_AGGRESSIVE;
				CLANG_WARN_UNREACHABLE_CODE = YES;
				CLANG_WARN__DUPLICATE_METHOD_MATCH = YES;
				COPY_PHASE_STRIP = NO;
				DEBUG_INFORMATION_FORMAT = "dwarf-with-dsym";
				ENABLE_NS_ASSERTIONS = NO;
				ENABLE_STRICT_OBJC_MSGSEND = YES;
				GCC_C_LANGUAGE_STANDARD = gnu11;
				GCC_NO_COMMON_BLOCKS = YES;
				GCC_WARN_64_TO_32_BIT_CONVERSION = YES;
				GCC_WARN_ABOUT_RETURN_TYPE = YES_ERROR;
				GCC_WARN_UNDECLARED_SELECTOR = YES;
				GCC_WARN_UNINITIALIZED_AUTOS = YES_AGGRESSIVE;
				GCC_WARN_UNUSED_FUNCTION = YES;
				GCC_WARN_UNUSED_VARIABLE = YES;
				IPHONEOS_DEPLOYMENT_TARGET = 15.5;
				MTL_ENABLE_DEBUG_INFO = NO;
				MTL_FAST_MATH = YES;
				SDKROOT = iphoneos;
				SWIFT_COMPILATION_MODE = wholemodule;
				SWIFT_OPTIMIZATION_LEVEL = "-O";
				VALIDATE_PRODUCT = YES;
			};
			name = Release;
		};
		3BFB184C28BA0F0A008D58F0 /* Debug */ = {
			isa = XCBuildConfiguration;
			baseConfigurationReference = 4F39F37E61C8BF30F1BA36FB /* Pods-SMSH-Summer.debug.xcconfig */;
			buildSettings = {
				ASSETCATALOG_COMPILER_APPICON_NAME = AppIcon;
				ASSETCATALOG_COMPILER_GLOBAL_ACCENT_COLOR_NAME = AccentColor;
				CODE_SIGN_IDENTITY = "iPhone Developer";
				CODE_SIGN_STYLE = Manual;
				CURRENT_PROJECT_VERSION = 1;
				DEVELOPMENT_TEAM = F7B353LPM3;
				GENERATE_INFOPLIST_FILE = YES;
				INFOPLIST_FILE = "SMSH-Summer/Info.plist";
				INFOPLIST_KEY_NSCameraUsageDescription = "카메라에서 사진을 촬영해 선행 내용에 추가하기 위해 권한이 필요합니다.";
				INFOPLIST_KEY_NSLocationAlwaysAndWhenInUseUsageDescription = "사용자의 현재 위치 주변의 선행 내역을 보여주고, 현재 위치로 선행 기록을 하기 위해서 권한이 필요합니다.";
				INFOPLIST_KEY_NSLocationAlwaysUsageDescription = "사용자의 현재 위치 주변의 선행 내역을 보여주고, 현재 위치로 선행 기록을 하기 위해서 권한이 필요합니다.";
				INFOPLIST_KEY_NSLocationWhenInUseUsageDescription = "사용자의 현재 위치 주변의 선행 내역을 보여주고, 현재 위치로 선행 기록을 하기 위해서 권한이 필요합니다.";
				INFOPLIST_KEY_NSMicrophoneUsageDescription = "동영상 접근권한";
				INFOPLIST_KEY_NSPhotoLibraryUsageDescription = "갤러리에서 사진을 선택해서 선행 내용에 추가하기 위해 권한이 필요합니다.";
				INFOPLIST_KEY_UIApplicationSupportsIndirectInputEvents = YES;
				INFOPLIST_KEY_UILaunchStoryboardName = LaunchScreen;
				INFOPLIST_KEY_UIMainStoryboardFile = Main;
				INFOPLIST_KEY_UISupportedInterfaceOrientations_iPad = "UIInterfaceOrientationPortrait UIInterfaceOrientationPortraitUpsideDown UIInterfaceOrientationLandscapeLeft UIInterfaceOrientationLandscapeRight";
				INFOPLIST_KEY_UISupportedInterfaceOrientations_iPhone = "UIInterfaceOrientationPortrait UIInterfaceOrientationLandscapeLeft UIInterfaceOrientationLandscapeRight";
				LD_RUNPATH_SEARCH_PATHS = (
					"$(inherited)",
					"@executable_path/Frameworks",
				);
				MARKETING_VERSION = 1.0;
				PRODUCT_BUNDLE_IDENTIFIER = "com.here-y-seo.SMSH-Summer";
				PRODUCT_NAME = "$(TARGET_NAME)";
				PROVISIONING_PROFILE_SPECIFIER = YSEO;
				SWIFT_EMIT_LOC_STRINGS = YES;
				SWIFT_VERSION = 5.0;
				TARGETED_DEVICE_FAMILY = "1,2";
			};
			name = Debug;
		};
		3BFB184D28BA0F0A008D58F0 /* Release */ = {
			isa = XCBuildConfiguration;
			baseConfigurationReference = 89CBE393D29ACB4A5B940C68 /* Pods-SMSH-Summer.release.xcconfig */;
			buildSettings = {
				ASSETCATALOG_COMPILER_APPICON_NAME = AppIcon;
				ASSETCATALOG_COMPILER_GLOBAL_ACCENT_COLOR_NAME = AccentColor;
				CODE_SIGN_IDENTITY = "iPhone Developer";
				CODE_SIGN_STYLE = Manual;
				CURRENT_PROJECT_VERSION = 1;
				DEVELOPMENT_TEAM = F7B353LPM3;
				GENERATE_INFOPLIST_FILE = YES;
				INFOPLIST_FILE = "SMSH-Summer/Info.plist";
				INFOPLIST_KEY_NSCameraUsageDescription = "카메라에서 사진을 촬영해 선행 내용에 추가하기 위해 권한이 필요합니다.";
				INFOPLIST_KEY_NSLocationAlwaysAndWhenInUseUsageDescription = "사용자의 현재 위치 주변의 선행 내역을 보여주고, 현재 위치로 선행 기록을 하기 위해서 권한이 필요합니다.";
				INFOPLIST_KEY_NSLocationAlwaysUsageDescription = "사용자의 현재 위치 주변의 선행 내역을 보여주고, 현재 위치로 선행 기록을 하기 위해서 권한이 필요합니다.";
				INFOPLIST_KEY_NSLocationWhenInUseUsageDescription = "사용자의 현재 위치 주변의 선행 내역을 보여주고, 현재 위치로 선행 기록을 하기 위해서 권한이 필요합니다.";
				INFOPLIST_KEY_NSMicrophoneUsageDescription = "동영상 접근권한";
				INFOPLIST_KEY_NSPhotoLibraryUsageDescription = "갤러리에서 사진을 선택해서 선행 내용에 추가하기 위해 권한이 필요합니다.";
				INFOPLIST_KEY_UIApplicationSupportsIndirectInputEvents = YES;
				INFOPLIST_KEY_UILaunchStoryboardName = LaunchScreen;
				INFOPLIST_KEY_UIMainStoryboardFile = Main;
				INFOPLIST_KEY_UISupportedInterfaceOrientations_iPad = "UIInterfaceOrientationPortrait UIInterfaceOrientationPortraitUpsideDown UIInterfaceOrientationLandscapeLeft UIInterfaceOrientationLandscapeRight";
				INFOPLIST_KEY_UISupportedInterfaceOrientations_iPhone = "UIInterfaceOrientationPortrait UIInterfaceOrientationLandscapeLeft UIInterfaceOrientationLandscapeRight";
				LD_RUNPATH_SEARCH_PATHS = (
					"$(inherited)",
					"@executable_path/Frameworks",
				);
				MARKETING_VERSION = 1.0;
				PRODUCT_BUNDLE_IDENTIFIER = "com.here-y-seo.SMSH-Summer";
				PRODUCT_NAME = "$(TARGET_NAME)";
				PROVISIONING_PROFILE_SPECIFIER = YSEO;
				SWIFT_EMIT_LOC_STRINGS = YES;
				SWIFT_VERSION = 5.0;
				TARGETED_DEVICE_FAMILY = "1,2";
			};
			name = Release;
		};
/* End XCBuildConfiguration section */

/* Begin XCConfigurationList section */
		3BFB183228BA0F09008D58F0 /* Build configuration list for PBXProject "SMSH-Summer" */ = {
			isa = XCConfigurationList;
			buildConfigurations = (
				3BFB184928BA0F0A008D58F0 /* Debug */,
				3BFB184A28BA0F0A008D58F0 /* Release */,
			);
			defaultConfigurationIsVisible = 0;
			defaultConfigurationName = Release;
		};
		3BFB184B28BA0F0A008D58F0 /* Build configuration list for PBXNativeTarget "SMSH-Summer" */ = {
			isa = XCConfigurationList;
			buildConfigurations = (
				3BFB184C28BA0F0A008D58F0 /* Debug */,
				3BFB184D28BA0F0A008D58F0 /* Release */,
			);
			defaultConfigurationIsVisible = 0;
			defaultConfigurationName = Release;
		};
/* End XCConfigurationList section */
	};
	rootObject = 3BFB182F28BA0F09008D58F0 /* Project object */;
}
